// !$*UTF8*$!
{
	archiveVersion = 1;
	classes = {
	};
	objectVersion = 46;
	objects = {

/* Begin PBXBuildFile section */
		0E02EFF31F2813C200E04400 /* AppDelegate.swift in Sources */ = {isa = PBXBuildFile; fileRef = 0E02EFF21F2813C200E04400 /* AppDelegate.swift */; };
		0E02EFF51F2813C200E04400 /* ViewController.swift in Sources */ = {isa = PBXBuildFile; fileRef = 0E02EFF41F2813C200E04400 /* ViewController.swift */; };
		0E02EFF81F2813C200E04400 /* Main.storyboard in Resources */ = {isa = PBXBuildFile; fileRef = 0E02EFF61F2813C200E04400 /* Main.storyboard */; };
		0E02EFFA1F2813C200E04400 /* Assets.xcassets in Resources */ = {isa = PBXBuildFile; fileRef = 0E02EFF91F2813C200E04400 /* Assets.xcassets */; };
		0E02EFFD1F2813C200E04400 /* LaunchScreen.storyboard in Resources */ = {isa = PBXBuildFile; fileRef = 0E02EFFB1F2813C200E04400 /* LaunchScreen.storyboard */; };
		0E02F0081F2813C300E04400 /* UCR_Student_ToolboxTests.swift in Sources */ = {isa = PBXBuildFile; fileRef = 0E02F0071F2813C300E04400 /* UCR_Student_ToolboxTests.swift */; };
		0E02F0131F2813C300E04400 /* UCR_Student_ToolboxUITests.swift in Sources */ = {isa = PBXBuildFile; fileRef = 0E02F0121F2813C300E04400 /* UCR_Student_ToolboxUITests.swift */; };
		0E02F18B1F29496300E04400 /* account_bgd.png in Resources */ = {isa = PBXBuildFile; fileRef = 0E02F1561F29496300E04400 /* account_bgd.png */; };
		0E02F18C1F29496300E04400 /* ai.png in Resources */ = {isa = PBXBuildFile; fileRef = 0E02F1571F29496300E04400 /* ai.png */; };
		0E02F18D1F29496300E04400 /* back.png in Resources */ = {isa = PBXBuildFile; fileRef = 0E02F1581F29496300E04400 /* back.png */; };
		0E02F18E1F29496300E04400 /* barn.png in Resources */ = {isa = PBXBuildFile; fileRef = 0E02F1591F29496300E04400 /* barn.png */; };
		0E02F1901F29496300E04400 /* bookstore.png in Resources */ = {isa = PBXBuildFile; fileRef = 0E02F15B1F29496300E04400 /* bookstore.png */; };
		0E02F1911F29496300E04400 /* border.png in Resources */ = {isa = PBXBuildFile; fileRef = 0E02F15C1F29496300E04400 /* border.png */; };
		0E02F1921F29496300E04400 /* bytes.png in Resources */ = {isa = PBXBuildFile; fileRef = 0E02F15D1F29496300E04400 /* bytes.png */; };
		0E02F1951F29496300E04400 /* contact.png in Resources */ = {isa = PBXBuildFile; fileRef = 0E02F1601F29496300E04400 /* contact.png */; };
		0E02F1971F29496300E04400 /* fiamma.jpg in Resources */ = {isa = PBXBuildFile; fileRef = 0E02F1621F29496300E04400 /* fiamma.jpg */; };
		0E02F1981F29496300E04400 /* garden.png in Resources */ = {isa = PBXBuildFile; fileRef = 0E02F1631F29496300E04400 /* garden.png */; };
		0E02F19D1F29496300E04400 /* gmstarbucks.png in Resources */ = {isa = PBXBuildFile; fileRef = 0E02F1681F29496300E04400 /* gmstarbucks.png */; };
		0E02F19F1F29496300E04400 /* gym.png in Resources */ = {isa = PBXBuildFile; fileRef = 0E02F16A1F29496300E04400 /* gym.png */; };
		0E02F1A21F29496300E04400 /* highlanderwelcome.png in Resources */ = {isa = PBXBuildFile; fileRef = 0E02F16D1F29496300E04400 /* highlanderwelcome.png */; };
		0E02F1A41F29496300E04400 /* ic_launcher.png in Resources */ = {isa = PBXBuildFile; fileRef = 0E02F16F1F29496300E04400 /* ic_launcher.png */; };
		0E02F1A51F29496300E04400 /* icon_books.png in Resources */ = {isa = PBXBuildFile; fileRef = 0E02F1701F29496300E04400 /* icon_books.png */; };
		0E02F1A61F29496300E04400 /* icon_food.png in Resources */ = {isa = PBXBuildFile; fileRef = 0E02F1711F29496300E04400 /* icon_food.png */; };
		0E02F1A71F29496300E04400 /* icon_friend.png in Resources */ = {isa = PBXBuildFile; fileRef = 0E02F1721F29496300E04400 /* icon_friend.png */; };
		0E02F1A81F29496300E04400 /* icon_ilearn.png in Resources */ = {isa = PBXBuildFile; fileRef = 0E02F1731F29496300E04400 /* icon_ilearn.png */; };
		0E02F1A91F29496300E04400 /* icon_map.png in Resources */ = {isa = PBXBuildFile; fileRef = 0E02F1741F29496300E04400 /* icon_map.png */; };
		0E02F1AA1F29496300E04400 /* icon_professor.png in Resources */ = {isa = PBXBuildFile; fileRef = 0E02F1751F29496300E04400 /* icon_professor.png */; };
		0E02F1AB1F29496300E04400 /* icon_room.png in Resources */ = {isa = PBXBuildFile; fileRef = 0E02F1761F29496300E04400 /* icon_room.png */; };
		0E02F1AC1F29496300E04400 /* icon_safety.png in Resources */ = {isa = PBXBuildFile; fileRef = 0E02F1771F29496300E04400 /* icon_safety.png */; };
		0E02F1AD1F29496300E04400 /* icon_schedule.png in Resources */ = {isa = PBXBuildFile; fileRef = 0E02F1781F29496300E04400 /* icon_schedule.png */; };
		0E02F1AE1F29496300E04400 /* icon_settings.png in Resources */ = {isa = PBXBuildFile; fileRef = 0E02F1791F29496300E04400 /* icon_settings.png */; };
		0E02F1AF1F29496300E04400 /* icon_time.png in Resources */ = {isa = PBXBuildFile; fileRef = 0E02F17A1F29496300E04400 /* icon_time.png */; };
		0E02F1B01F29496300E04400 /* icon_truck.png in Resources */ = {isa = PBXBuildFile; fileRef = 0E02F17B1F29496300E04400 /* icon_truck.png */; };
		0E02F1B21F29496300E04400 /* library.png in Resources */ = {isa = PBXBuildFile; fileRef = 0E02F17D1F29496300E04400 /* library.png */; };
		0E02F1B31F29496300E04400 /* lock_img.png in Resources */ = {isa = PBXBuildFile; fileRef = 0E02F17E1F29496300E04400 /* lock_img.png */; };
		0E02F1B41F29496300E04400 /* login_back.png in Resources */ = {isa = PBXBuildFile; fileRef = 0E02F17F1F29496300E04400 /* login_back.png */; };
		0E02F1B51F29496300E04400 /* logout.png in Resources */ = {isa = PBXBuildFile; fileRef = 0E02F1801F29496300E04400 /* logout.png */; };
		0E02F1B61F29496300E04400 /* lothian.png in Resources */ = {isa = PBXBuildFile; fileRef = 0E02F1811F29496300E04400 /* lothian.png */; };
		0E02F1B71F29496300E04400 /* moomoo.png in Resources */ = {isa = PBXBuildFile; fileRef = 0E02F1821F29496300E04400 /* moomoo.png */; };
		0E02F1B81F29496300E04400 /* oldsplash.png in Resources */ = {isa = PBXBuildFile; fileRef = 0E02F1831F29496300E04400 /* oldsplash.png */; };
		0E02F1B91F29496300E04400 /* panda.png in Resources */ = {isa = PBXBuildFile; fileRef = 0E02F1841F29496300E04400 /* panda.png */; };
		0E02F1BB1F29496300E04400 /* scottys.png in Resources */ = {isa = PBXBuildFile; fileRef = 0E02F1861F29496300E04400 /* scottys.png */; };
		0E02F1BC1F29496300E04400 /* service.png in Resources */ = {isa = PBXBuildFile; fileRef = 0E02F1871F29496300E04400 /* service.png */; };
		0E02F1BD1F29496300E04400 /* spinelli.png in Resources */ = {isa = PBXBuildFile; fileRef = 0E02F1881F29496300E04400 /* spinelli.png */; };
		0E02F1BE1F29496300E04400 /* splash.png in Resources */ = {isa = PBXBuildFile; fileRef = 0E02F1891F29496300E04400 /* splash.png */; };
		0E02F1BF1F29496300E04400 /* subway.png in Resources */ = {isa = PBXBuildFile; fileRef = 0E02F18A1F29496300E04400 /* subway.png */; };
		0E02F1C11F2A6DA800E04400 /* iLearnViewController.swift in Sources */ = {isa = PBXBuildFile; fileRef = 0E02F1C01F2A6DA800E04400 /* iLearnViewController.swift */; };
		0E02F1C31F2A73CF00E04400 /* RateMyProfessorViewController.swift in Sources */ = {isa = PBXBuildFile; fileRef = 0E02F1C21F2A73CF00E04400 /* RateMyProfessorViewController.swift */; };
		0E02F1C51F2D953B00E04400 /* StudyViewController.swift in Sources */ = {isa = PBXBuildFile; fileRef = 0E02F1C41F2D953B00E04400 /* StudyViewController.swift */; };
		0E02F1C71F2EC13800E04400 /* MapViewController.swift in Sources */ = {isa = PBXBuildFile; fileRef = 0E02F1C61F2EC13800E04400 /* MapViewController.swift */; };
		0E02F1C91F32610000E04400 /* SafetyViewController.swift in Sources */ = {isa = PBXBuildFile; fileRef = 0E02F1C81F32610000E04400 /* SafetyViewController.swift */; };
		0EB8ABF61F6079A300EEF97B /* BuildingTableViewController.swift in Sources */ = {isa = PBXBuildFile; fileRef = 0EB8ABF51F6079A300EEF97B /* BuildingTableViewController.swift */; };
		0EB8ABF81F607BF700EEF97B /* TruckTableViewController.swift in Sources */ = {isa = PBXBuildFile; fileRef = 0EB8ABF71F607BF700EEF97B /* TruckTableViewController.swift */; };
		0EFFAB291F3A366800DD6163 /* DiningTableViewController.swift in Sources */ = {isa = PBXBuildFile; fileRef = 0EFFAB281F3A366800DD6163 /* DiningTableViewController.swift */; };
/* End PBXBuildFile section */

/* Begin PBXContainerItemProxy section */
		0E02F0041F2813C300E04400 /* PBXContainerItemProxy */ = {
			isa = PBXContainerItemProxy;
			containerPortal = 0E02EFE71F2813C200E04400 /* Project object */;
			proxyType = 1;
			remoteGlobalIDString = 0E02EFEE1F2813C200E04400;
			remoteInfo = "UCR Student Toolbox";
		};
		0E02F00F1F2813C300E04400 /* PBXContainerItemProxy */ = {
			isa = PBXContainerItemProxy;
			containerPortal = 0E02EFE71F2813C200E04400 /* Project object */;
			proxyType = 1;
			remoteGlobalIDString = 0E02EFEE1F2813C200E04400;
			remoteInfo = "UCR Student Toolbox";
		};
/* End PBXContainerItemProxy section */

/* Begin PBXFileReference section */
		0E02EFEF1F2813C200E04400 /* UCR Student Toolbox.app */ = {isa = PBXFileReference; explicitFileType = wrapper.application; includeInIndex = 0; path = "UCR Student Toolbox.app"; sourceTree = BUILT_PRODUCTS_DIR; };
		0E02EFF21F2813C200E04400 /* AppDelegate.swift */ = {isa = PBXFileReference; lastKnownFileType = sourcecode.swift; path = AppDelegate.swift; sourceTree = "<group>"; };
		0E02EFF41F2813C200E04400 /* ViewController.swift */ = {isa = PBXFileReference; lastKnownFileType = sourcecode.swift; path = ViewController.swift; sourceTree = "<group>"; };
		0E02EFF71F2813C200E04400 /* Base */ = {isa = PBXFileReference; lastKnownFileType = file.storyboard; name = Base; path = Base.lproj/Main.storyboard; sourceTree = "<group>"; };
		0E02EFF91F2813C200E04400 /* Assets.xcassets */ = {isa = PBXFileReference; lastKnownFileType = folder.assetcatalog; path = Assets.xcassets; sourceTree = "<group>"; };
		0E02EFFC1F2813C200E04400 /* Base */ = {isa = PBXFileReference; lastKnownFileType = file.storyboard; name = Base; path = Base.lproj/LaunchScreen.storyboard; sourceTree = "<group>"; };
		0E02EFFE1F2813C200E04400 /* Info.plist */ = {isa = PBXFileReference; lastKnownFileType = text.plist.xml; path = Info.plist; sourceTree = "<group>"; };
		0E02F0031F2813C300E04400 /* UCR Student ToolboxTests.xctest */ = {isa = PBXFileReference; explicitFileType = wrapper.cfbundle; includeInIndex = 0; path = "UCR Student ToolboxTests.xctest"; sourceTree = BUILT_PRODUCTS_DIR; };
		0E02F0071F2813C300E04400 /* UCR_Student_ToolboxTests.swift */ = {isa = PBXFileReference; lastKnownFileType = sourcecode.swift; path = UCR_Student_ToolboxTests.swift; sourceTree = "<group>"; };
		0E02F0091F2813C300E04400 /* Info.plist */ = {isa = PBXFileReference; lastKnownFileType = text.plist.xml; path = Info.plist; sourceTree = "<group>"; };
		0E02F00E1F2813C300E04400 /* UCR Student ToolboxUITests.xctest */ = {isa = PBXFileReference; explicitFileType = wrapper.cfbundle; includeInIndex = 0; path = "UCR Student ToolboxUITests.xctest"; sourceTree = BUILT_PRODUCTS_DIR; };
		0E02F0121F2813C300E04400 /* UCR_Student_ToolboxUITests.swift */ = {isa = PBXFileReference; lastKnownFileType = sourcecode.swift; path = UCR_Student_ToolboxUITests.swift; sourceTree = "<group>"; };
		0E02F0141F2813C300E04400 /* Info.plist */ = {isa = PBXFileReference; lastKnownFileType = text.plist.xml; path = Info.plist; sourceTree = "<group>"; };
		0E02F1561F29496300E04400 /* account_bgd.png */ = {isa = PBXFileReference; lastKnownFileType = image.png; path = account_bgd.png; sourceTree = SOURCE_ROOT; };
		0E02F1571F29496300E04400 /* ai.png */ = {isa = PBXFileReference; lastKnownFileType = image.png; path = ai.png; sourceTree = SOURCE_ROOT; };
		0E02F1581F29496300E04400 /* back.png */ = {isa = PBXFileReference; lastKnownFileType = image.png; path = back.png; sourceTree = SOURCE_ROOT; };
		0E02F1591F29496300E04400 /* barn.png */ = {isa = PBXFileReference; lastKnownFileType = image.png; path = barn.png; sourceTree = SOURCE_ROOT; };
		0E02F15B1F29496300E04400 /* bookstore.png */ = {isa = PBXFileReference; lastKnownFileType = image.png; path = bookstore.png; sourceTree = SOURCE_ROOT; };
		0E02F15C1F29496300E04400 /* border.png */ = {isa = PBXFileReference; lastKnownFileType = image.png; path = border.png; sourceTree = SOURCE_ROOT; };
		0E02F15D1F29496300E04400 /* bytes.png */ = {isa = PBXFileReference; lastKnownFileType = image.png; path = bytes.png; sourceTree = SOURCE_ROOT; };
		0E02F1601F29496300E04400 /* contact.png */ = {isa = PBXFileReference; lastKnownFileType = image.png; path = contact.png; sourceTree = SOURCE_ROOT; };
		0E02F1621F29496300E04400 /* fiamma.jpg */ = {isa = PBXFileReference; lastKnownFileType = image.jpeg; path = fiamma.jpg; sourceTree = SOURCE_ROOT; };
		0E02F1631F29496300E04400 /* garden.png */ = {isa = PBXFileReference; lastKnownFileType = image.png; path = garden.png; sourceTree = SOURCE_ROOT; };
		0E02F1681F29496300E04400 /* gmstarbucks.png */ = {isa = PBXFileReference; lastKnownFileType = image.png; path = gmstarbucks.png; sourceTree = SOURCE_ROOT; };
		0E02F16A1F29496300E04400 /* gym.png */ = {isa = PBXFileReference; lastKnownFileType = image.png; path = gym.png; sourceTree = SOURCE_ROOT; };
		0E02F16D1F29496300E04400 /* highlanderwelcome.png */ = {isa = PBXFileReference; lastKnownFileType = image.png; path = highlanderwelcome.png; sourceTree = SOURCE_ROOT; };
		0E02F16F1F29496300E04400 /* ic_launcher.png */ = {isa = PBXFileReference; lastKnownFileType = image.png; path = ic_launcher.png; sourceTree = SOURCE_ROOT; };
		0E02F1701F29496300E04400 /* icon_books.png */ = {isa = PBXFileReference; lastKnownFileType = image.png; path = icon_books.png; sourceTree = SOURCE_ROOT; };
		0E02F1711F29496300E04400 /* icon_food.png */ = {isa = PBXFileReference; lastKnownFileType = image.png; path = icon_food.png; sourceTree = SOURCE_ROOT; };
		0E02F1721F29496300E04400 /* icon_friend.png */ = {isa = PBXFileReference; lastKnownFileType = image.png; path = icon_friend.png; sourceTree = SOURCE_ROOT; };
		0E02F1731F29496300E04400 /* icon_ilearn.png */ = {isa = PBXFileReference; lastKnownFileType = image.png; path = icon_ilearn.png; sourceTree = SOURCE_ROOT; };
		0E02F1741F29496300E04400 /* icon_map.png */ = {isa = PBXFileReference; lastKnownFileType = image.png; path = icon_map.png; sourceTree = SOURCE_ROOT; };
		0E02F1751F29496300E04400 /* icon_professor.png */ = {isa = PBXFileReference; lastKnownFileType = image.png; path = icon_professor.png; sourceTree = SOURCE_ROOT; };
		0E02F1761F29496300E04400 /* icon_room.png */ = {isa = PBXFileReference; lastKnownFileType = image.png; path = icon_room.png; sourceTree = SOURCE_ROOT; };
		0E02F1771F29496300E04400 /* icon_safety.png */ = {isa = PBXFileReference; lastKnownFileType = image.png; path = icon_safety.png; sourceTree = SOURCE_ROOT; };
		0E02F1781F29496300E04400 /* icon_schedule.png */ = {isa = PBXFileReference; lastKnownFileType = image.png; path = icon_schedule.png; sourceTree = SOURCE_ROOT; };
		0E02F1791F29496300E04400 /* icon_settings.png */ = {isa = PBXFileReference; lastKnownFileType = image.png; path = icon_settings.png; sourceTree = SOURCE_ROOT; };
		0E02F17A1F29496300E04400 /* icon_time.png */ = {isa = PBXFileReference; lastKnownFileType = image.png; path = icon_time.png; sourceTree = SOURCE_ROOT; };
		0E02F17B1F29496300E04400 /* icon_truck.png */ = {isa = PBXFileReference; lastKnownFileType = image.png; path = icon_truck.png; sourceTree = SOURCE_ROOT; };
		0E02F17D1F29496300E04400 /* library.png */ = {isa = PBXFileReference; lastKnownFileType = image.png; path = library.png; sourceTree = SOURCE_ROOT; };
		0E02F17E1F29496300E04400 /* lock_img.png */ = {isa = PBXFileReference; lastKnownFileType = image.png; path = lock_img.png; sourceTree = SOURCE_ROOT; };
		0E02F17F1F29496300E04400 /* login_back.png */ = {isa = PBXFileReference; lastKnownFileType = image.png; path = login_back.png; sourceTree = SOURCE_ROOT; };
		0E02F1801F29496300E04400 /* logout.png */ = {isa = PBXFileReference; lastKnownFileType = image.png; path = logout.png; sourceTree = SOURCE_ROOT; };
		0E02F1811F29496300E04400 /* lothian.png */ = {isa = PBXFileReference; lastKnownFileType = image.png; path = lothian.png; sourceTree = SOURCE_ROOT; };
		0E02F1821F29496300E04400 /* moomoo.png */ = {isa = PBXFileReference; lastKnownFileType = image.png; path = moomoo.png; sourceTree = SOURCE_ROOT; };
		0E02F1831F29496300E04400 /* oldsplash.png */ = {isa = PBXFileReference; lastKnownFileType = image.png; path = oldsplash.png; sourceTree = SOURCE_ROOT; };
		0E02F1841F29496300E04400 /* panda.png */ = {isa = PBXFileReference; lastKnownFileType = image.png; path = panda.png; sourceTree = SOURCE_ROOT; };
		0E02F1861F29496300E04400 /* scottys.png */ = {isa = PBXFileReference; lastKnownFileType = image.png; path = scottys.png; sourceTree = SOURCE_ROOT; };
		0E02F1871F29496300E04400 /* service.png */ = {isa = PBXFileReference; lastKnownFileType = image.png; path = service.png; sourceTree = SOURCE_ROOT; };
		0E02F1881F29496300E04400 /* spinelli.png */ = {isa = PBXFileReference; lastKnownFileType = image.png; path = spinelli.png; sourceTree = SOURCE_ROOT; };
		0E02F1891F29496300E04400 /* splash.png */ = {isa = PBXFileReference; lastKnownFileType = image.png; path = splash.png; sourceTree = SOURCE_ROOT; };
		0E02F18A1F29496300E04400 /* subway.png */ = {isa = PBXFileReference; lastKnownFileType = image.png; path = subway.png; sourceTree = SOURCE_ROOT; };
		0E02F1C01F2A6DA800E04400 /* iLearnViewController.swift */ = {isa = PBXFileReference; fileEncoding = 4; lastKnownFileType = sourcecode.swift; name = iLearnViewController.swift; path = ../iLearnViewController.swift; sourceTree = "<group>"; };
		0E02F1C21F2A73CF00E04400 /* RateMyProfessorViewController.swift */ = {isa = PBXFileReference; fileEncoding = 4; lastKnownFileType = sourcecode.swift; path = RateMyProfessorViewController.swift; sourceTree = "<group>"; };
		0E02F1C41F2D953B00E04400 /* StudyViewController.swift */ = {isa = PBXFileReference; fileEncoding = 4; lastKnownFileType = sourcecode.swift; path = StudyViewController.swift; sourceTree = "<group>"; };
		0E02F1C61F2EC13800E04400 /* MapViewController.swift */ = {isa = PBXFileReference; fileEncoding = 4; lastKnownFileType = sourcecode.swift; name = MapViewController.swift; path = ../MapViewController.swift; sourceTree = "<group>"; };
		0E02F1C81F32610000E04400 /* SafetyViewController.swift */ = {isa = PBXFileReference; fileEncoding = 4; lastKnownFileType = sourcecode.swift; name = SafetyViewController.swift; path = ../SafetyViewController.swift; sourceTree = "<group>"; };
		0EB8ABF51F6079A300EEF97B /* BuildingTableViewController.swift */ = {isa = PBXFileReference; lastKnownFileType = sourcecode.swift; path = BuildingTableViewController.swift; sourceTree = "<group>"; };
		0EB8ABF71F607BF700EEF97B /* TruckTableViewController.swift */ = {isa = PBXFileReference; lastKnownFileType = sourcecode.swift; path = TruckTableViewController.swift; sourceTree = "<group>"; };
		0EFFAB281F3A366800DD6163 /* DiningTableViewController.swift */ = {isa = PBXFileReference; lastKnownFileType = sourcecode.swift; path = DiningTableViewController.swift; sourceTree = "<group>"; };
		0EFFAB2D1F3AAB3100DD6163 /* beartracks.png */ = {isa = PBXFileReference; lastKnownFileType = image.png; path = beartracks.png; sourceTree = SOURCE_ROOT; };
		0EFFAB2E1F3AAB3100DD6163 /* chameleon.png */ = {isa = PBXFileReference; lastKnownFileType = image.png; path = chameleon.png; sourceTree = SOURCE_ROOT; };
		0EFFAB2F1F3AAB3100DD6163 /* coffeebean.png */ = {isa = PBXFileReference; lastKnownFileType = image.png; path = coffeebean.png; sourceTree = SOURCE_ROOT; };
/* End PBXFileReference section */

/* Begin PBXFrameworksBuildPhase section */
		0E02EFEC1F2813C200E04400 /* Frameworks */ = {
			isa = PBXFrameworksBuildPhase;
			buildActionMask = 2147483647;
			files = (
			);
			runOnlyForDeploymentPostprocessing = 0;
		};
		0E02F0001F2813C300E04400 /* Frameworks */ = {
			isa = PBXFrameworksBuildPhase;
			buildActionMask = 2147483647;
			files = (
			);
			runOnlyForDeploymentPostprocessing = 0;
		};
		0E02F00B1F2813C300E04400 /* Frameworks */ = {
			isa = PBXFrameworksBuildPhase;
			buildActionMask = 2147483647;
			files = (
			);
			runOnlyForDeploymentPostprocessing = 0;
		};
/* End PBXFrameworksBuildPhase section */

/* Begin PBXGroup section */
		0E02EFE61F2813C200E04400 = {
			isa = PBXGroup;
			children = (
				0E02EFF11F2813C200E04400 /* UCR Student Toolbox */,
				0E02F0061F2813C300E04400 /* UCR Student ToolboxTests */,
				0E02F0111F2813C300E04400 /* UCR Student ToolboxUITests */,
				0E02EFF01F2813C200E04400 /* Products */,
			);
			sourceTree = "<group>";
		};
		0E02EFF01F2813C200E04400 /* Products */ = {
			isa = PBXGroup;
			children = (
				0E02EFEF1F2813C200E04400 /* UCR Student Toolbox.app */,
				0E02F0031F2813C300E04400 /* UCR Student ToolboxTests.xctest */,
				0E02F00E1F2813C300E04400 /* UCR Student ToolboxUITests.xctest */,
			);
			name = Products;
			sourceTree = "<group>";
		};
		0E02EFF11F2813C200E04400 /* UCR Student Toolbox */ = {
			isa = PBXGroup;
			children = (
				0EB8ABF71F607BF700EEF97B /* TruckTableViewController.swift */,
				0E02F1C81F32610000E04400 /* SafetyViewController.swift */,
				0E02F1C61F2EC13800E04400 /* MapViewController.swift */,
				0E02F1C21F2A73CF00E04400 /* RateMyProfessorViewController.swift */,
				0EFFAB281F3A366800DD6163 /* DiningTableViewController.swift */,
				0EB8ABF51F6079A300EEF97B /* BuildingTableViewController.swift */,
				0E02F1C01F2A6DA800E04400 /* iLearnViewController.swift */,
				0E02F1C41F2D953B00E04400 /* StudyViewController.swift */,
				0E02F1561F29496300E04400 /* account_bgd.png */,
				0E02F1571F29496300E04400 /* ai.png */,
				0E02F1581F29496300E04400 /* back.png */,
				0E02F1591F29496300E04400 /* barn.png */,
				0E02F15B1F29496300E04400 /* bookstore.png */,
				0E02F15C1F29496300E04400 /* border.png */,
				0E02F15D1F29496300E04400 /* bytes.png */,
				0E02F1601F29496300E04400 /* contact.png */,
				0E02F1621F29496300E04400 /* fiamma.jpg */,
				0E02F1631F29496300E04400 /* garden.png */,
				0E02F1681F29496300E04400 /* gmstarbucks.png */,
				0EFFAB2D1F3AAB3100DD6163 /* beartracks.png */,
				0EFFAB2E1F3AAB3100DD6163 /* chameleon.png */,
				0EFFAB2F1F3AAB3100DD6163 /* coffeebean.png */,
				0E02F16A1F29496300E04400 /* gym.png */,
				0E02F16D1F29496300E04400 /* highlanderwelcome.png */,
				0E02F16F1F29496300E04400 /* ic_launcher.png */,
				0E02F1701F29496300E04400 /* icon_books.png */,
				0E02F1711F29496300E04400 /* icon_food.png */,
				0E02F1721F29496300E04400 /* icon_friend.png */,
				0E02F1731F29496300E04400 /* icon_ilearn.png */,
				0E02F1741F29496300E04400 /* icon_map.png */,
				0E02F1751F29496300E04400 /* icon_professor.png */,
				0E02F1761F29496300E04400 /* icon_room.png */,
				0E02F1771F29496300E04400 /* icon_safety.png */,
				0E02F1781F29496300E04400 /* icon_schedule.png */,
				0E02F1791F29496300E04400 /* icon_settings.png */,
				0E02F17A1F29496300E04400 /* icon_time.png */,
				0E02F17B1F29496300E04400 /* icon_truck.png */,
				0E02F17D1F29496300E04400 /* library.png */,
				0E02F17E1F29496300E04400 /* lock_img.png */,
				0E02F17F1F29496300E04400 /* login_back.png */,
				0E02F1801F29496300E04400 /* logout.png */,
				0E02F1811F29496300E04400 /* lothian.png */,
				0E02F1821F29496300E04400 /* moomoo.png */,
				0E02F1831F29496300E04400 /* oldsplash.png */,
				0E02F1841F29496300E04400 /* panda.png */,
				0E02F1861F29496300E04400 /* scottys.png */,
				0E02F1871F29496300E04400 /* service.png */,
				0E02F1881F29496300E04400 /* spinelli.png */,
				0E02F1891F29496300E04400 /* splash.png */,
				0E02F18A1F29496300E04400 /* subway.png */,
				0E02EFF21F2813C200E04400 /* AppDelegate.swift */,
				0E02EFF41F2813C200E04400 /* ViewController.swift */,
				0E02EFF61F2813C200E04400 /* Main.storyboard */,
				0E02EFF91F2813C200E04400 /* Assets.xcassets */,
				0E02EFFB1F2813C200E04400 /* LaunchScreen.storyboard */,
				0E02EFFE1F2813C200E04400 /* Info.plist */,
			);
			path = "UCR Student Toolbox";
			sourceTree = "<group>";
		};
		0E02F0061F2813C300E04400 /* UCR Student ToolboxTests */ = {
			isa = PBXGroup;
			children = (
				0E02F0071F2813C300E04400 /* UCR_Student_ToolboxTests.swift */,
				0E02F0091F2813C300E04400 /* Info.plist */,
			);
			path = "UCR Student ToolboxTests";
			sourceTree = "<group>";
		};
		0E02F0111F2813C300E04400 /* UCR Student ToolboxUITests */ = {
			isa = PBXGroup;
			children = (
				0E02F0121F2813C300E04400 /* UCR_Student_ToolboxUITests.swift */,
				0E02F0141F2813C300E04400 /* Info.plist */,
			);
			path = "UCR Student ToolboxUITests";
			sourceTree = "<group>";
		};
/* End PBXGroup section */

/* Begin PBXNativeTarget section */
		0E02EFEE1F2813C200E04400 /* UCR Student Toolbox */ = {
			isa = PBXNativeTarget;
			buildConfigurationList = 0E02F0171F2813C300E04400 /* Build configuration list for PBXNativeTarget "UCR Student Toolbox" */;
			buildPhases = (
				0E02EFEB1F2813C200E04400 /* Sources */,
				0E02EFEC1F2813C200E04400 /* Frameworks */,
				0E02EFED1F2813C200E04400 /* Resources */,
			);
			buildRules = (
			);
			dependencies = (
			);
			name = "UCR Student Toolbox";
			productName = "UCR Student Toolbox";
			productReference = 0E02EFEF1F2813C200E04400 /* UCR Student Toolbox.app */;
			productType = "com.apple.product-type.application";
		};
		0E02F0021F2813C300E04400 /* UCR Student ToolboxTests */ = {
			isa = PBXNativeTarget;
			buildConfigurationList = 0E02F01A1F2813C300E04400 /* Build configuration list for PBXNativeTarget "UCR Student ToolboxTests" */;
			buildPhases = (
				0E02EFFF1F2813C300E04400 /* Sources */,
				0E02F0001F2813C300E04400 /* Frameworks */,
				0E02F0011F2813C300E04400 /* Resources */,
			);
			buildRules = (
			);
			dependencies = (
				0E02F0051F2813C300E04400 /* PBXTargetDependency */,
			);
			name = "UCR Student ToolboxTests";
			productName = "UCR Student ToolboxTests";
			productReference = 0E02F0031F2813C300E04400 /* UCR Student ToolboxTests.xctest */;
			productType = "com.apple.product-type.bundle.unit-test";
		};
		0E02F00D1F2813C300E04400 /* UCR Student ToolboxUITests */ = {
			isa = PBXNativeTarget;
			buildConfigurationList = 0E02F01D1F2813C300E04400 /* Build configuration list for PBXNativeTarget "UCR Student ToolboxUITests" */;
			buildPhases = (
				0E02F00A1F2813C300E04400 /* Sources */,
				0E02F00B1F2813C300E04400 /* Frameworks */,
				0E02F00C1F2813C300E04400 /* Resources */,
			);
			buildRules = (
			);
			dependencies = (
				0E02F0101F2813C300E04400 /* PBXTargetDependency */,
			);
			name = "UCR Student ToolboxUITests";
			productName = "UCR Student ToolboxUITests";
			productReference = 0E02F00E1F2813C300E04400 /* UCR Student ToolboxUITests.xctest */;
			productType = "com.apple.product-type.bundle.ui-testing";
		};
/* End PBXNativeTarget section */

/* Begin PBXProject section */
		0E02EFE71F2813C200E04400 /* Project object */ = {
			isa = PBXProject;
			attributes = {
				LastSwiftUpdateCheck = 0830;
				LastUpgradeCheck = 0830;
				ORGANIZATIONNAME = "Sara Hu";
				TargetAttributes = {
					0E02EFEE1F2813C200E04400 = {
						CreatedOnToolsVersion = 8.3.3;
						DevelopmentTeam = LP2B3627Y5;
						ProvisioningStyle = Automatic;
					};
					0E02F0021F2813C300E04400 = {
						CreatedOnToolsVersion = 8.3.3;
						ProvisioningStyle = Automatic;
						TestTargetID = 0E02EFEE1F2813C200E04400;
					};
					0E02F00D1F2813C300E04400 = {
						CreatedOnToolsVersion = 8.3.3;
						ProvisioningStyle = Automatic;
						TestTargetID = 0E02EFEE1F2813C200E04400;
					};
				};
			};
			buildConfigurationList = 0E02EFEA1F2813C200E04400 /* Build configuration list for PBXProject "UCR Student Toolbox" */;
			compatibilityVersion = "Xcode 3.2";
			developmentRegion = English;
			hasScannedForEncodings = 0;
			knownRegions = (
				en,
				Base,
			);
			mainGroup = 0E02EFE61F2813C200E04400;
			productRefGroup = 0E02EFF01F2813C200E04400 /* Products */;
			projectDirPath = "";
			projectRoot = "";
			targets = (
				0E02EFEE1F2813C200E04400 /* UCR Student Toolbox */,
				0E02F0021F2813C300E04400 /* UCR Student ToolboxTests */,
				0E02F00D1F2813C300E04400 /* UCR Student ToolboxUITests */,
			);
		};
/* End PBXProject section */

/* Begin PBXResourcesBuildPhase section */
		0E02EFED1F2813C200E04400 /* Resources */ = {
			isa = PBXResourcesBuildPhase;
			buildActionMask = 2147483647;
			files = (
				0E02F1B61F29496300E04400 /* lothian.png in Resources */,
				0E02F1B21F29496300E04400 /* library.png in Resources */,
				0E02F1B51F29496300E04400 /* logout.png in Resources */,
				0E02F1921F29496300E04400 /* bytes.png in Resources */,
				0E02F1A51F29496300E04400 /* icon_books.png in Resources */,
				0E02F1A71F29496300E04400 /* icon_friend.png in Resources */,
				0E02F1AA1F29496300E04400 /* icon_professor.png in Resources */,
				0E02F18C1F29496300E04400 /* ai.png in Resources */,
				0E02F1A91F29496300E04400 /* icon_map.png in Resources */,
				0E02F1AD1F29496300E04400 /* icon_schedule.png in Resources */,
				0E02F1AC1F29496300E04400 /* icon_safety.png in Resources */,
				0E02F18E1F29496300E04400 /* barn.png in Resources */,
				0E02EFFD1F2813C200E04400 /* LaunchScreen.storyboard in Resources */,
				0E02F1971F29496300E04400 /* fiamma.jpg in Resources */,
				0E02F18D1F29496300E04400 /* back.png in Resources */,
				0E02F1B81F29496300E04400 /* oldsplash.png in Resources */,
				0E02EFFA1F2813C200E04400 /* Assets.xcassets in Resources */,
				0E02F1BE1F29496300E04400 /* splash.png in Resources */,
				0E02F19D1F29496300E04400 /* gmstarbucks.png in Resources */,
				0E02F1A81F29496300E04400 /* icon_ilearn.png in Resources */,
				0E02F1951F29496300E04400 /* contact.png in Resources */,
				0E02EFF81F2813C200E04400 /* Main.storyboard in Resources */,
				0E02F18B1F29496300E04400 /* account_bgd.png in Resources */,
				0E02F1B31F29496300E04400 /* lock_img.png in Resources */,
				0E02F1A41F29496300E04400 /* ic_launcher.png in Resources */,
				0E02F1B91F29496300E04400 /* panda.png in Resources */,
				0E02F1B41F29496300E04400 /* login_back.png in Resources */,
				0E02F19F1F29496300E04400 /* gym.png in Resources */,
				0E02F1BD1F29496300E04400 /* spinelli.png in Resources */,
				0E02F1AB1F29496300E04400 /* icon_room.png in Resources */,
				0E02F1AE1F29496300E04400 /* icon_settings.png in Resources */,
				0E02F1B71F29496300E04400 /* moomoo.png in Resources */,
				0E02F1AF1F29496300E04400 /* icon_time.png in Resources */,
				0E02F1901F29496300E04400 /* bookstore.png in Resources */,
				0E02F1B01F29496300E04400 /* icon_truck.png in Resources */,
				0E02F1A61F29496300E04400 /* icon_food.png in Resources */,
				0E02F1911F29496300E04400 /* border.png in Resources */,
				0E02F1BF1F29496300E04400 /* subway.png in Resources */,
				0E02F1981F29496300E04400 /* garden.png in Resources */,
				0E02F1BB1F29496300E04400 /* scottys.png in Resources */,
				0E02F1BC1F29496300E04400 /* service.png in Resources */,
				0E02F1A21F29496300E04400 /* highlanderwelcome.png in Resources */,
			);
			runOnlyForDeploymentPostprocessing = 0;
		};
		0E02F0011F2813C300E04400 /* Resources */ = {
			isa = PBXResourcesBuildPhase;
			buildActionMask = 2147483647;
			files = (
			);
			runOnlyForDeploymentPostprocessing = 0;
		};
		0E02F00C1F2813C300E04400 /* Resources */ = {
			isa = PBXResourcesBuildPhase;
			buildActionMask = 2147483647;
			files = (
			);
			runOnlyForDeploymentPostprocessing = 0;
		};
/* End PBXResourcesBuildPhase section */

/* Begin PBXSourcesBuildPhase section */
		0E02EFEB1F2813C200E04400 /* Sources */ = {
			isa = PBXSourcesBuildPhase;
			buildActionMask = 2147483647;
			files = (
				0E02F1C91F32610000E04400 /* SafetyViewController.swift in Sources */,
				0EB8ABF61F6079A300EEF97B /* BuildingTableViewController.swift in Sources */,
				0E02F1C51F2D953B00E04400 /* StudyViewController.swift in Sources */,
				0EB8ABF81F607BF700EEF97B /* TruckTableViewController.swift in Sources */,
				0EFFAB291F3A366800DD6163 /* DiningTableViewController.swift in Sources */,
				0E02F1C71F2EC13800E04400 /* MapViewController.swift in Sources */,
				0E02F1C11F2A6DA800E04400 /* iLearnViewController.swift in Sources */,
				0E02EFF51F2813C200E04400 /* ViewController.swift in Sources */,
				0E02F1C31F2A73CF00E04400 /* RateMyProfessorViewController.swift in Sources */,
				0E02EFF31F2813C200E04400 /* AppDelegate.swift in Sources */,
			);
			runOnlyForDeploymentPostprocessing = 0;
		};
		0E02EFFF1F2813C300E04400 /* Sources */ = {
			isa = PBXSourcesBuildPhase;
			buildActionMask = 2147483647;
			files = (
				0E02F0081F2813C300E04400 /* UCR_Student_ToolboxTests.swift in Sources */,
			);
			runOnlyForDeploymentPostprocessing = 0;
		};
		0E02F00A1F2813C300E04400 /* Sources */ = {
			isa = PBXSourcesBuildPhase;
			buildActionMask = 2147483647;
			files = (
				0E02F0131F2813C300E04400 /* UCR_Student_ToolboxUITests.swift in Sources */,
			);
			runOnlyForDeploymentPostprocessing = 0;
		};
/* End PBXSourcesBuildPhase section */

/* Begin PBXTargetDependency section */
		0E02F0051F2813C300E04400 /* PBXTargetDependency */ = {
			isa = PBXTargetDependency;
			target = 0E02EFEE1F2813C200E04400 /* UCR Student Toolbox */;
			targetProxy = 0E02F0041F2813C300E04400 /* PBXContainerItemProxy */;
		};
		0E02F0101F2813C300E04400 /* PBXTargetDependency */ = {
			isa = PBXTargetDependency;
			target = 0E02EFEE1F2813C200E04400 /* UCR Student Toolbox */;
			targetProxy = 0E02F00F1F2813C300E04400 /* PBXContainerItemProxy */;
		};
/* End PBXTargetDependency section */

/* Begin PBXVariantGroup section */
		0E02EFF61F2813C200E04400 /* Main.storyboard */ = {
			isa = PBXVariantGroup;
			children = (
				0E02EFF71F2813C200E04400 /* Base */,
			);
			name = Main.storyboard;
			sourceTree = "<group>";
		};
		0E02EFFB1F2813C200E04400 /* LaunchScreen.storyboard */ = {
			isa = PBXVariantGroup;
			children = (
				0E02EFFC1F2813C200E04400 /* Base */,
			);
			name = LaunchScreen.storyboard;
			sourceTree = "<group>";
		};
/* End PBXVariantGroup section */

/* Begin XCBuildConfiguration section */
		0E02F0151F2813C300E04400 /* Debug */ = {
			isa = XCBuildConfiguration;
			buildSettings = {
				ALWAYS_SEARCH_USER_PATHS = NO;
				CLANG_ANALYZER_NONNULL = YES;
				CLANG_ANALYZER_NUMBER_OBJECT_CONVERSION = YES_AGGRESSIVE;
				CLANG_CXX_LANGUAGE_STANDARD = "gnu++0x";
				CLANG_CXX_LIBRARY = "libc++";
				CLANG_ENABLE_MODULES = YES;
				CLANG_ENABLE_OBJC_ARC = YES;
				CLANG_WARN_BOOL_CONVERSION = YES;
				CLANG_WARN_CONSTANT_CONVERSION = YES;
				CLANG_WARN_DIRECT_OBJC_ISA_USAGE = YES_ERROR;
				CLANG_WARN_DOCUMENTATION_COMMENTS = YES;
				CLANG_WARN_EMPTY_BODY = YES;
				CLANG_WARN_ENUM_CONVERSION = YES;
				CLANG_WARN_INFINITE_RECURSION = YES;
				CLANG_WARN_INT_CONVERSION = YES;
				CLANG_WARN_OBJC_ROOT_CLASS = YES_ERROR;
				CLANG_WARN_SUSPICIOUS_MOVE = YES;
				CLANG_WARN_UNREACHABLE_CODE = YES;
				CLANG_WARN__DUPLICATE_METHOD_MATCH = YES;
				"CODE_SIGN_IDENTITY[sdk=iphoneos*]" = "iPhone Developer";
				COPY_PHASE_STRIP = NO;
				DEBUG_INFORMATION_FORMAT = dwarf;
				ENABLE_STRICT_OBJC_MSGSEND = YES;
				ENABLE_TESTABILITY = YES;
				GCC_C_LANGUAGE_STANDARD = gnu99;
				GCC_DYNAMIC_NO_PIC = NO;
				GCC_NO_COMMON_BLOCKS = YES;
				GCC_OPTIMIZATION_LEVEL = 0;
				GCC_PREPROCESSOR_DEFINITIONS = (
					"DEBUG=1",
					"$(inherited)",
				);
				GCC_WARN_64_TO_32_BIT_CONVERSION = YES;
				GCC_WARN_ABOUT_RETURN_TYPE = YES_ERROR;
				GCC_WARN_UNDECLARED_SELECTOR = YES;
				GCC_WARN_UNINITIALIZED_AUTOS = YES_AGGRESSIVE;
				GCC_WARN_UNUSED_FUNCTION = YES;
				GCC_WARN_UNUSED_VARIABLE = YES;
				IPHONEOS_DEPLOYMENT_TARGET = 10.3;
				MTL_ENABLE_DEBUG_INFO = YES;
				ONLY_ACTIVE_ARCH = YES;
				SDKROOT = iphoneos;
				SWIFT_ACTIVE_COMPILATION_CONDITIONS = DEBUG;
				SWIFT_OPTIMIZATION_LEVEL = "-Onone";
				TARGETED_DEVICE_FAMILY = "1,2";
			};
			name = Debug;
		};
		0E02F0161F2813C300E04400 /* Release */ = {
			isa = XCBuildConfiguration;
			buildSettings = {
				ALWAYS_SEARCH_USER_PATHS = NO;
				CLANG_ANALYZER_NONNULL = YES;
				CLANG_ANALYZER_NUMBER_OBJECT_CONVERSION = YES_AGGRESSIVE;
				CLANG_CXX_LANGUAGE_STANDARD = "gnu++0x";
				CLANG_CXX_LIBRARY = "libc++";
				CLANG_ENABLE_MODULES = YES;
				CLANG_ENABLE_OBJC_ARC = YES;
				CLANG_WARN_BOOL_CONVERSION = YES;
				CLANG_WARN_CONSTANT_CONVERSION = YES;
				CLANG_WARN_DIRECT_OBJC_ISA_USAGE = YES_ERROR;
				CLANG_WARN_DOCUMENTATION_COMMENTS = YES;
				CLANG_WARN_EMPTY_BODY = YES;
				CLANG_WARN_ENUM_CONVERSION = YES;
				CLANG_WARN_INFINITE_RECURSION = YES;
				CLANG_WARN_INT_CONVERSION = YES;
				CLANG_WARN_OBJC_ROOT_CLASS = YES_ERROR;
				CLANG_WARN_SUSPICIOUS_MOVE = YES;
				CLANG_WARN_UNREACHABLE_CODE = YES;
				CLANG_WARN__DUPLICATE_METHOD_MATCH = YES;
				"CODE_SIGN_IDENTITY[sdk=iphoneos*]" = "iPhone Developer";
				COPY_PHASE_STRIP = NO;
				DEBUG_INFORMATION_FORMAT = "dwarf-with-dsym";
				ENABLE_NS_ASSERTIONS = NO;
				ENABLE_STRICT_OBJC_MSGSEND = YES;
				GCC_C_LANGUAGE_STANDARD = gnu99;
				GCC_NO_COMMON_BLOCKS = YES;
				GCC_WARN_64_TO_32_BIT_CONVERSION = YES;
				GCC_WARN_ABOUT_RETURN_TYPE = YES_ERROR;
				GCC_WARN_UNDECLARED_SELECTOR = YES;
				GCC_WARN_UNINITIALIZED_AUTOS = YES_AGGRESSIVE;
				GCC_WARN_UNUSED_FUNCTION = YES;
				GCC_WARN_UNUSED_VARIABLE = YES;
				IPHONEOS_DEPLOYMENT_TARGET = 10.3;
				MTL_ENABLE_DEBUG_INFO = NO;
				SDKROOT = iphoneos;
				SWIFT_OPTIMIZATION_LEVEL = "-Owholemodule";
				TARGETED_DEVICE_FAMILY = "1,2";
				VALIDATE_PRODUCT = YES;
			};
			name = Release;
		};
		0E02F0181F2813C300E04400 /* Debug */ = {
			isa = XCBuildConfiguration;
			buildSettings = {
				ASSETCATALOG_COMPILER_APPICON_NAME = AppIcon;
				DEVELOPMENT_TEAM = LP2B3627Y5;
				INFOPLIST_FILE = "UCR Student Toolbox/Info.plist";
				LD_RUNPATH_SEARCH_PATHS = "$(inherited) @executable_path/Frameworks";
				PRODUCT_BUNDLE_IDENTIFIER = "Sara.UCR-Student-Toolbox";
				PRODUCT_NAME = "$(TARGET_NAME)";
				SWIFT_VERSION = 3.0;
			};
			name = Debug;
		};
		0E02F0191F2813C300E04400 /* Release */ = {
			isa = XCBuildConfiguration;
			buildSettings = {
				ASSETCATALOG_COMPILER_APPICON_NAME = AppIcon;
				DEVELOPMENT_TEAM = LP2B3627Y5;
				INFOPLIST_FILE = "UCR Student Toolbox/Info.plist";
				LD_RUNPATH_SEARCH_PATHS = "$(inherited) @executable_path/Frameworks";
				PRODUCT_BUNDLE_IDENTIFIER = "Sara.UCR-Student-Toolbox";
				PRODUCT_NAME = "$(TARGET_NAME)";
				SWIFT_VERSION = 3.0;
			};
			name = Release;
		};
		0E02F01B1F2813C300E04400 /* Debug */ = {
			isa = XCBuildConfiguration;
			buildSettings = {
				ALWAYS_EMBED_SWIFT_STANDARD_LIBRARIES = YES;
				BUNDLE_LOADER = "$(TEST_HOST)";
				INFOPLIST_FILE = "UCR Student ToolboxTests/Info.plist";
				LD_RUNPATH_SEARCH_PATHS = "$(inherited) @executable_path/Frameworks @loader_path/Frameworks";
				PRODUCT_BUNDLE_IDENTIFIER = "Sara.UCR-Student-ToolboxTests";
				PRODUCT_NAME = "$(TARGET_NAME)";
				SWIFT_VERSION = 3.0;
				TEST_HOST = "$(BUILT_PRODUCTS_DIR)/UCR Student Toolbox.app/UCR Student Toolbox";
			};
			name = Debug;
		};
		0E02F01C1F2813C300E04400 /* Release */ = {
			isa = XCBuildConfiguration;
			buildSettings = {
				ALWAYS_EMBED_SWIFT_STANDARD_LIBRARIES = YES;
				BUNDLE_LOADER = "$(TEST_HOST)";
				INFOPLIST_FILE = "UCR Student ToolboxTests/Info.plist";
				LD_RUNPATH_SEARCH_PATHS = "$(inherited) @executable_path/Frameworks @loader_path/Frameworks";
				PRODUCT_BUNDLE_IDENTIFIER = "Sara.UCR-Student-ToolboxTests";
				PRODUCT_NAME = "$(TARGET_NAME)";
				SWIFT_VERSION = 3.0;
				TEST_HOST = "$(BUILT_PRODUCTS_DIR)/UCR Student Toolbox.app/UCR Student Toolbox";
			};
			name = Release;
		};
		0E02F01E1F2813C300E04400 /* Debug */ = {
			isa = XCBuildConfiguration;
			buildSettings = {
				ALWAYS_EMBED_SWIFT_STANDARD_LIBRARIES = YES;
				INFOPLIST_FILE = "UCR Student ToolboxUITests/Info.plist";
				LD_RUNPATH_SEARCH_PATHS = "$(inherited) @executable_path/Frameworks @loader_path/Frameworks";
				PRODUCT_BUNDLE_IDENTIFIER = "Sara.UCR-Student-ToolboxUITests";
				PRODUCT_NAME = "$(TARGET_NAME)";
				SWIFT_VERSION = 3.0;
				TEST_TARGET_NAME = "UCR Student Toolbox";
			};
			name = Debug;
		};
		0E02F01F1F2813C300E04400 /* Release */ = {
			isa = XCBuildConfiguration;
			buildSettings = {
				ALWAYS_EMBED_SWIFT_STANDARD_LIBRARIES = YES;
				INFOPLIST_FILE = "UCR Student ToolboxUITests/Info.plist";
				LD_RUNPATH_SEARCH_PATHS = "$(inherited) @executable_path/Frameworks @loader_path/Frameworks";
				PRODUCT_BUNDLE_IDENTIFIER = "Sara.UCR-Student-ToolboxUITests";
				PRODUCT_NAME = "$(TARGET_NAME)";
				SWIFT_VERSION = 3.0;
				TEST_TARGET_NAME = "UCR Student Toolbox";
			};
			name = Release;
		};
/* End XCBuildConfiguration section */

/* Begin XCConfigurationList section */
		0E02EFEA1F2813C200E04400 /* Build configuration list for PBXProject "UCR Student Toolbox" */ = {
			isa = XCConfigurationList;
			buildConfigurations = (
				0E02F0151F2813C300E04400 /* Debug */,
				0E02F0161F2813C300E04400 /* Release */,
			);
			defaultConfigurationIsVisible = 0;
			defaultConfigurationName = Release;
		};
		0E02F0171F2813C300E04400 /* Build configuration list for PBXNativeTarget "UCR Student Toolbox" */ = {
			isa = XCConfigurationList;
			buildConfigurations = (
				0E02F0181F2813C300E04400 /* Debug */,
				0E02F0191F2813C300E04400 /* Release */,
			);
			defaultConfigurationIsVisible = 0;
			defaultConfigurationName = Release;
		};
		0E02F01A1F2813C300E04400 /* Build configuration list for PBXNativeTarget "UCR Student ToolboxTests" */ = {
			isa = XCConfigurationList;
			buildConfigurations = (
				0E02F01B1F2813C300E04400 /* Debug */,
				0E02F01C1F2813C300E04400 /* Release */,
			);
			defaultConfigurationIsVisible = 0;
			defaultConfigurationName = Release;
		};
		0E02F01D1F2813C300E04400 /* Build configuration list for PBXNativeTarget "UCR Student ToolboxUITests" */ = {
			isa = XCConfigurationList;
			buildConfigurations = (
				0E02F01E1F2813C300E04400 /* Debug */,
				0E02F01F1F2813C300E04400 /* Release */,
			);
			defaultConfigurationIsVisible = 0;
			defaultConfigurationName = Release;
		};
/* End XCConfigurationList section */
	};
	rootObject = 0E02EFE71F2813C200E04400 /* Project object */;
}
