// !$*UTF8*$!
{
	archiveVersion = 1;
	classes = {
	};
	objectVersion = 46;
	objects = {

/* Begin PBXBuildFile section */
		0E02EFF31F2813C200E04400 /* AppDelegate.swift in Sources */ = {isa = PBXBuildFile; fileRef = 0E02EFF21F2813C200E04400 /* AppDelegate.swift */; };
		0E02EFF51F2813C200E04400 /* ViewController.swift in Sources */ = {isa = PBXBuildFile; fileRef = 0E02EFF41F2813C200E04400 /* ViewController.swift */; };
		0E02EFF81F2813C200E04400 /* Main.storyboard in Resources */ = {isa = PBXBuildFile; fileRef = 0E02EFF61F2813C200E04400 /* Main.storyboard */; };
		0E02EFFA1F2813C200E04400 /* Assets.xcassets in Resources */ = {isa = PBXBuildFile; fileRef = 0E02EFF91F2813C200E04400 /* Assets.xcassets */; };
		0E02EFFD1F2813C200E04400 /* LaunchScreen.storyboard in Resources */ = {isa = PBXBuildFile; fileRef = 0E02EFFB1F2813C200E04400 /* LaunchScreen.storyboard */; };
		0E02F0081F2813C300E04400 /* UCR_Student_ToolboxTests.swift in Sources */ = {isa = PBXBuildFile; fileRef = 0E02F0071F2813C300E04400 /* UCR_Student_ToolboxTests.swift */; };
		0E02F0131F2813C300E04400 /* UCR_Student_ToolboxUITests.swift in Sources */ = {isa = PBXBuildFile; fileRef = 0E02F0121F2813C300E04400 /* UCR_Student_ToolboxUITests.swift */; };
		0E02F18B1F29496300E04400 /* account_bgd.png in Resources */ = {isa = PBXBuildFile; fileRef = 0E02F1561F29496300E04400 /* account_bgd.png */; };
		0E02F18C1F29496300E04400 /* ai.png in Resources */ = {isa = PBXBuildFile; fileRef = 0E02F1571F29496300E04400 /* ai.png */; };
		0E02F18D1F29496300E04400 /* back.png in Resources */ = {isa = PBXBuildFile; fileRef = 0E02F1581F29496300E04400 /* back.png */; };
		0E02F18E1F29496300E04400 /* barn.png in Resources */ = {isa = PBXBuildFile; fileRef = 0E02F1591F29496300E04400 /* barn.png */; };
		0E02F1901F29496300E04400 /* bookstore.png in Resources */ = {isa = PBXBuildFile; fileRef = 0E02F15B1F29496300E04400 /* bookstore.png */; };
		0E02F1911F29496300E04400 /* border.png in Resources */ = {isa = PBXBuildFile; fileRef = 0E02F15C1F29496300E04400 /* border.png */; };
		0E02F1921F29496300E04400 /* bytes.png in Resources */ = {isa = PBXBuildFile; fileRef = 0E02F15D1F29496300E04400 /* bytes.png */; };
		0E02F1951F29496300E04400 /* contact.png in Resources */ = {isa = PBXBuildFile; fileRef = 0E02F1601F29496300E04400 /* contact.png */; };
		0E02F1971F29496300E04400 /* fiamma.jpg in Resources */ = {isa = PBXBuildFile; fileRef = 0E02F1621F29496300E04400 /* fiamma.jpg */; };
		0E02F1981F29496300E04400 /* garden.png in Resources */ = {isa = PBXBuildFile; fileRef = 0E02F1631F29496300E04400 /* garden.png */; };
		0E02F19D1F29496300E04400 /* gmstarbucks.png in Resources */ = {isa = PBXBuildFile; fileRef = 0E02F1681F29496300E04400 /* gmstarbucks.png */; };
		0E02F19F1F29496300E04400 /* gym.png in Resources */ = {isa = PBXBuildFile; fileRef = 0E02F16A1F29496300E04400 /* gym.png */; };
		0E02F1A21F29496300E04400 /* highlanderwelcome.png in Resources */ = {isa = PBXBuildFile; fileRef = 0E02F16D1F29496300E04400 /* highlanderwelcome.png */; };
		0E02F1A41F29496300E04400 /* ic_launcher.png in Resources */ = {isa = PBXBuildFile; fileRef = 0E02F16F1F29496300E04400 /* ic_launcher.png */; };
		0E02F1A51F29496300E04400 /* icon_books.png in Resources */ = {isa = PBXBuildFile; fileRef = 0E02F1701F29496300E04400 /* icon_books.png */; };
		0E02F1A61F29496300E04400 /* icon_food.png in Resources */ = {isa = PBXBuildFile; fileRef = 0E02F1711F29496300E04400 /* icon_food.png */; };
		0E02F1A71F29496300E04400 /* icon_friend.png in Resources */ = {isa = PBXBuildFile; fileRef = 0E02F1721F29496300E04400 /* icon_friend.png */; };
		0E02F1A81F29496300E04400 /* icon_ilearn.png in Resources */ = {isa = PBXBuildFile; fileRef = 0E02F1731F29496300E04400 /* icon_ilearn.png */; };
		0E02F1A91F29496300E04400 /* icon_map.png in Resources */ = {isa = PBXBuildFile; fileRef = 0E02F1741F29496300E04400 /* icon_map.png */; };
		0E02F1AA1F29496300E04400 /* icon_professor.png in Resources */ = {isa = PBXBuildFile; fileRef = 0E02F1751F29496300E04400 /* icon_professor.png */; };
		0E02F1AB1F29496300E04400 /* icon_room.png in Resources */ = {isa = PBXBuildFile; fileRef = 0E02F1761F29496300E04400 /* icon_room.png */; };
		0E02F1AC1F29496300E04400 /* icon_safety.png in Resources */ = {isa = PBXBuildFile; fileRef = 0E02F1771F29496300E04400 /* icon_safety.png */; };
		0E02F1AD1F29496300E04400 /* icon_schedule.png in Resources */ = {isa = PBXBuildFile; fileRef = 0E02F1781F29496300E04400 /* icon_schedule.png */; };
		0E02F1AE1F29496300E04400 /* icon_settings.png in Resources */ = {isa = PBXBuildFile; fileRef = 0E02F1791F29496300E04400 /* icon_settings.png */; };
		0E02F1AF1F29496300E04400 /* icon_time.png in Resources */ = {isa = PBXBuildFile; fileRef = 0E02F17A1F29496300E04400 /* icon_time.png */; };
		0E02F1B01F29496300E04400 /* icon_truck.png in Resources */ = {isa = PBXBuildFile; fileRef = 0E02F17B1F29496300E04400 /* icon_truck.png */; };
		0E02F1B21F29496300E04400 /* library.png in Resources */ = {isa = PBXBuildFile; fileRef = 0E02F17D1F29496300E04400 /* library.png */; };
		0E02F1B31F29496300E04400 /* lock_img.png in Resources */ = {isa = PBXBuildFile; fileRef = 0E02F17E1F29496300E04400 /* lock_img.png */; };
		0E02F1B41F29496300E04400 /* login_back.png in Resources */ = {isa = PBXBuildFile; fileRef = 0E02F17F1F29496300E04400 /* login_back.png */; };
		0E02F1B51F29496300E04400 /* logout.png in Resources */ = {isa = PBXBuildFile; fileRef = 0E02F1801F29496300E04400 /* logout.png */; };
		0E02F1B61F29496300E04400 /* lothian.png in Resources */ = {isa = PBXBuildFile; fileRef = 0E02F1811F29496300E04400 /* lothian.png */; };
		0E02F1B71F29496300E04400 /* moomoo.png in Resources */ = {isa = PBXBuildFile; fileRef = 0E02F1821F29496300E04400 /* moomoo.png */; };
		0E02F1B81F29496300E04400 /* oldsplash.png in Resources */ = {isa = PBXBuildFile; fileRef = 0E02F1831F29496300E04400 /* oldsplash.png */; };
		0E02F1B91F29496300E04400 /* panda.png in Resources */ = {isa = PBXBuildFile; fileRef = 0E02F1841F29496300E04400 /* panda.png */; };
		0E02F1BB1F29496300E04400 /* scottys.png in Resources */ = {isa = PBXBuildFile; fileRef = 0E02F1861F29496300E04400 /* scottys.png */; };
		0E02F1BC1F29496300E04400 /* service.png in Resources */ = {isa = PBXBuildFile; fileRef = 0E02F1871F29496300E04400 /* service.png */; };
		0E02F1BD1F29496300E04400 /* spinelli.png in Resources */ = {isa = PBXBuildFile; fileRef = 0E02F1881F29496300E04400 /* spinelli.png */; };
		0E02F1BE1F29496300E04400 /* splash.png in Resources */ = {isa = PBXBuildFile; fileRef = 0E02F1891F29496300E04400 /* splash.png */; };
		0E02F1BF1F29496300E04400 /* subway.png in Resources */ = {isa = PBXBuildFile; fileRef = 0E02F18A1F29496300E04400 /* subway.png */; };
		0E02F1C11F2A6DA800E04400 /* iLearnViewController.swift in Sources */ = {isa = PBXBuildFile; fileRef = 0E02F1C01F2A6DA800E04400 /* iLearnViewController.swift */; };
		0E02F1C31F2A73CF00E04400 /* RateMyProfessorViewController.swift in Sources */ = {isa = PBXBuildFile; fileRef = 0E02F1C21F2A73CF00E04400 /* RateMyProfessorViewController.swift */; };
		0E02F1C51F2D953B00E04400 /* StudyViewController.swift in Sources */ = {isa = PBXBuildFile; fileRef = 0E02F1C41F2D953B00E04400 /* StudyViewController.swift */; };
		0E02F1C71F2EC13800E04400 /* MapViewController.swift in Sources */ = {isa = PBXBuildFile; fileRef = 0E02F1C61F2EC13800E04400 /* MapViewController.swift */; };
		0E02F1C91F32610000E04400 /* SafetyViewController.swift in Sources */ = {isa = PBXBuildFile; fileRef = 0E02F1C81F32610000E04400 /* SafetyViewController.swift */; };
		0E0A5D0B1F96712F0001F5E6 /* Podfile in Resources */ = {isa = PBXBuildFile; fileRef = 0E0A5D0A1F96712F0001F5E6 /* Podfile */; };
		0E2658A41F86A12600F5C1F0 /* MenuViewController.swift in Sources */ = {isa = PBXBuildFile; fileRef = 0E2658A31F86A12600F5C1F0 /* MenuViewController.swift */; };
		0E2658A81F883C4400F5C1F0 /* ai.html in Resources */ = {isa = PBXBuildFile; fileRef = 0E2658A61F87254800F5C1F0 /* ai.html */; };
		0E2658A91F883C8E00F5C1F0 /* aiscot.html in Resources */ = {isa = PBXBuildFile; fileRef = 0E2658A51F87254800F5C1F0 /* aiscot.html */; };
		0E2658C31F88403100F5C1F0 /* barn.html in Resources */ = {isa = PBXBuildFile; fileRef = 0E2658BA1F88402D00F5C1F0 /* barn.html */; };
		0E2658C41F88403500F5C1F0 /* beartracks.html in Resources */ = {isa = PBXBuildFile; fileRef = 0E2658C01F88402E00F5C1F0 /* beartracks.html */; };
		0E2658C51F88403700F5C1F0 /* bytes.html in Resources */ = {isa = PBXBuildFile; fileRef = 0E2658BE1F88402E00F5C1F0 /* bytes.html */; };
		0E2658C61F88403A00F5C1F0 /* chameleon.html in Resources */ = {isa = PBXBuildFile; fileRef = 0E2658AE1F88402D00F5C1F0 /* chameleon.html */; };
		0E2658C71F88404C00F5C1F0 /* coffeebean.html in Resources */ = {isa = PBXBuildFile; fileRef = 0E2658AF1F88402D00F5C1F0 /* coffeebean.html */; };
		0E2658C81F88405000F5C1F0 /* fiamma.html in Resources */ = {isa = PBXBuildFile; fileRef = 0E2658AA1F88402D00F5C1F0 /* fiamma.html */; };
		0E2658C91F88405400F5C1F0 /* gmsavor.html in Resources */ = {isa = PBXBuildFile; fileRef = 0E2658B51F88402D00F5C1F0 /* gmsavor.html */; };
		0E2658CA1F88405700F5C1F0 /* gmscot.html in Resources */ = {isa = PBXBuildFile; fileRef = 0E2658BB1F88402D00F5C1F0 /* gmscot.html */; };
		0E2658CB1F88405A00F5C1F0 /* gmshop.html in Resources */ = {isa = PBXBuildFile; fileRef = 0E2658B81F88402D00F5C1F0 /* gmshop.html */; };
		0E2658CC1F88405D00F5C1F0 /* gmsizzle.html in Resources */ = {isa = PBXBuildFile; fileRef = 0E2658B71F88402D00F5C1F0 /* gmsizzle.html */; };
		0E2658CD1F88406000F5C1F0 /* gmstarbucks.html in Resources */ = {isa = PBXBuildFile; fileRef = 0E2658B61F88402D00F5C1F0 /* gmstarbucks.html */; };
		0E2658CE1F88406300F5C1F0 /* grill.html in Resources */ = {isa = PBXBuildFile; fileRef = 0E2658B11F88402D00F5C1F0 /* grill.html */; };
		0E2658CF1F88406700F5C1F0 /* habanero.html in Resources */ = {isa = PBXBuildFile; fileRef = 0E2658BF1F88402E00F5C1F0 /* habanero.html */; };
		0E2658D01F88406A00F5C1F0 /* highlander.html in Resources */ = {isa = PBXBuildFile; fileRef = 0E2658B01F88402D00F5C1F0 /* highlander.html */; };
		0E2658D11F88406E00F5C1F0 /* hub.html in Resources */ = {isa = PBXBuildFile; fileRef = 0E2658BD1F88402D00F5C1F0 /* hub.html */; };
		0E2658D21F88407100F5C1F0 /* hubscot.html in Resources */ = {isa = PBXBuildFile; fileRef = 0E2658C21F88402E00F5C1F0 /* hubscot.html */; };
		0E2658D31F88407600F5C1F0 /* ivan.html in Resources */ = {isa = PBXBuildFile; fileRef = 0E2658B21F88402D00F5C1F0 /* ivan.html */; };
		0E2658D41F88407F00F5C1F0 /* lothian.html in Resources */ = {isa = PBXBuildFile; fileRef = 0E2658C11F88402E00F5C1F0 /* lothian.html */; };
		0E2658D51F8840C900F5C1F0 /* medscot.html in Resources */ = {isa = PBXBuildFile; fileRef = 0E2658AC1F88402D00F5C1F0 /* medscot.html */; };
		0E2658D61F8840CB00F5C1F0 /* lothianscot.html in Resources */ = {isa = PBXBuildFile; fileRef = 0E2658AB1F88402D00F5C1F0 /* lothianscot.html */; };
		0E2658D71F8840D300F5C1F0 /* moomoo.html in Resources */ = {isa = PBXBuildFile; fileRef = 0E2658B91F88402D00F5C1F0 /* moomoo.html */; };
		0E2658D81F8840DA00F5C1F0 /* panda.html in Resources */ = {isa = PBXBuildFile; fileRef = 0E2658B41F88402D00F5C1F0 /* panda.html */; };
		0E2658D91F8840DC00F5C1F0 /* pandasushi.html in Resources */ = {isa = PBXBuildFile; fileRef = 0E2658BC1F88402D00F5C1F0 /* pandasushi.html */; };
		0E2658DA1F8840DF00F5C1F0 /* spinelli.html in Resources */ = {isa = PBXBuildFile; fileRef = 0E2658AD1F88402D00F5C1F0 /* spinelli.html */; };
		0E2658DB1F8840E200F5C1F0 /* subway.html in Resources */ = {isa = PBXBuildFile; fileRef = 0E2658B31F88402D00F5C1F0 /* subway.html */; };
		0E3D2E071FFC2E3C00CA0FD0 /* NavigationViewController.swift in Sources */ = {isa = PBXBuildFile; fileRef = 0E3D2E061FFC2E3C00CA0FD0 /* NavigationViewController.swift */; };
		0E3D2E0F1FFC4B1E00CA0FD0 /* CollectionViewCell.swift in Sources */ = {isa = PBXBuildFile; fileRef = 0E3D2E0E1FFC4B1E00CA0FD0 /* CollectionViewCell.swift */; };
		0E3D2E101FFC4B9E00CA0FD0 /* CollectionViewCell.swift in Sources */ = {isa = PBXBuildFile; fileRef = 0E3D2E0E1FFC4B1E00CA0FD0 /* CollectionViewCell.swift */; };
		0E3D2E111FFC4B9E00CA0FD0 /* CollectionViewCell.swift in Sources */ = {isa = PBXBuildFile; fileRef = 0E3D2E0E1FFC4B1E00CA0FD0 /* CollectionViewCell.swift */; };
		0E5F4E561F9A9D91007C1A24 /* TruckLocationsViewController.swift in Sources */ = {isa = PBXBuildFile; fileRef = 0E5F4E551F9A9D91007C1A24 /* TruckLocationsViewController.swift */; };
		0E5F4E581F9B3B1D007C1A24 /* HoursViewController.swift in Sources */ = {isa = PBXBuildFile; fileRef = 0E5F4E571F9B3B1D007C1A24 /* HoursViewController.swift */; };
		0EB8ABF61F6079A300EEF97B /* BuildingTableViewController.swift in Sources */ = {isa = PBXBuildFile; fileRef = 0EB8ABF51F6079A300EEF97B /* BuildingTableViewController.swift */; };
		0EB8ABF81F607BF700EEF97B /* TruckTableViewController.swift in Sources */ = {isa = PBXBuildFile; fileRef = 0EB8ABF71F607BF700EEF97B /* TruckTableViewController.swift */; };
		0EEB62301FB3DE6F001F440F /* bookstore.html in Resources */ = {isa = PBXBuildFile; fileRef = 0EEB622A1FB3DCCE001F440F /* bookstore.html */; };
		0EEB62311FB3DE71001F440F /* garden.html in Resources */ = {isa = PBXBuildFile; fileRef = 0EEB622D1FB3DCCE001F440F /* garden.html */; };
		0EEB62321FB3DE73001F440F /* gym.html in Resources */ = {isa = PBXBuildFile; fileRef = 0EEB622E1FB3DCCE001F440F /* gym.html */; };
		0EEB62331FB3DE75001F440F /* orbach.html in Resources */ = {isa = PBXBuildFile; fileRef = 0EEB622F1FB3DCCE001F440F /* orbach.html */; };
		0EEB62341FB3DE77001F440F /* rivera.html in Resources */ = {isa = PBXBuildFile; fileRef = 0EEB622B1FB3DCCE001F440F /* rivera.html */; };
		0EEB62351FB3DE7A001F440F /* sservice.html in Resources */ = {isa = PBXBuildFile; fileRef = 0EEB622C1FB3DCCE001F440F /* sservice.html */; };
		0EFFAB291F3A366800DD6163 /* DiningTableViewController.swift in Sources */ = {isa = PBXBuildFile; fileRef = 0EFFAB281F3A366800DD6163 /* DiningTableViewController.swift */; };
		12D7CF6E2004AED3004165B6 /* CollectionViewController.swift in Sources */ = {isa = PBXBuildFile; fileRef = 12D7CF6D2004AED3004165B6 /* CollectionViewController.swift */; };
		C7C3214A30BD82419073EDDF /* libPods-UCR Student Toolbox.a in Frameworks */ = {isa = PBXBuildFile; fileRef = DE5B5249FEEB0D5B25FCD767 /* libPods-UCR Student Toolbox.a */; };
/* End PBXBuildFile section */

/* Begin PBXContainerItemProxy section */
		0E02F0041F2813C300E04400 /* PBXContainerItemProxy */ = {
			isa = PBXContainerItemProxy;
			containerPortal = 0E02EFE71F2813C200E04400 /* Project object */;
			proxyType = 1;
			remoteGlobalIDString = 0E02EFEE1F2813C200E04400;
			remoteInfo = "UCR Student Toolbox";
		};
		0E02F00F1F2813C300E04400 /* PBXContainerItemProxy */ = {
			isa = PBXContainerItemProxy;
			containerPortal = 0E02EFE71F2813C200E04400 /* Project object */;
			proxyType = 1;
			remoteGlobalIDString = 0E02EFEE1F2813C200E04400;
			remoteInfo = "UCR Student Toolbox";
		};
/* End PBXContainerItemProxy section */

/* Begin PBXFileReference section */
		0E02EFEF1F2813C200E04400 /* UCR Student Toolbox.app */ = {isa = PBXFileReference; explicitFileType = wrapper.application; includeInIndex = 0; path = "UCR Student Toolbox.app"; sourceTree = BUILT_PRODUCTS_DIR; };
		0E02EFF21F2813C200E04400 /* AppDelegate.swift */ = {isa = PBXFileReference; lastKnownFileType = sourcecode.swift; path = AppDelegate.swift; sourceTree = "<group>"; };
		0E02EFF41F2813C200E04400 /* ViewController.swift */ = {isa = PBXFileReference; lastKnownFileType = sourcecode.swift; path = ViewController.swift; sourceTree = "<group>"; };
		0E02EFF71F2813C200E04400 /* Base */ = {isa = PBXFileReference; lastKnownFileType = file.storyboard; name = Base; path = Base.lproj/Main.storyboard; sourceTree = "<group>"; };
		0E02EFF91F2813C200E04400 /* Assets.xcassets */ = {isa = PBXFileReference; lastKnownFileType = folder.assetcatalog; path = Assets.xcassets; sourceTree = "<group>"; };
		0E02EFFC1F2813C200E04400 /* Base */ = {isa = PBXFileReference; lastKnownFileType = file.storyboard; name = Base; path = Base.lproj/LaunchScreen.storyboard; sourceTree = "<group>"; };
		0E02EFFE1F2813C200E04400 /* Info.plist */ = {isa = PBXFileReference; lastKnownFileType = text.plist.xml; path = Info.plist; sourceTree = "<group>"; };
		0E02F0031F2813C300E04400 /* UCR Student ToolboxTests.xctest */ = {isa = PBXFileReference; explicitFileType = wrapper.cfbundle; includeInIndex = 0; path = "UCR Student ToolboxTests.xctest"; sourceTree = BUILT_PRODUCTS_DIR; };
		0E02F0071F2813C300E04400 /* UCR_Student_ToolboxTests.swift */ = {isa = PBXFileReference; lastKnownFileType = sourcecode.swift; path = UCR_Student_ToolboxTests.swift; sourceTree = "<group>"; };
		0E02F0091F2813C300E04400 /* Info.plist */ = {isa = PBXFileReference; lastKnownFileType = text.plist.xml; path = Info.plist; sourceTree = "<group>"; };
		0E02F00E1F2813C300E04400 /* UCR Student ToolboxUITests.xctest */ = {isa = PBXFileReference; explicitFileType = wrapper.cfbundle; includeInIndex = 0; path = "UCR Student ToolboxUITests.xctest"; sourceTree = BUILT_PRODUCTS_DIR; };
		0E02F0121F2813C300E04400 /* UCR_Student_ToolboxUITests.swift */ = {isa = PBXFileReference; lastKnownFileType = sourcecode.swift; path = UCR_Student_ToolboxUITests.swift; sourceTree = "<group>"; };
		0E02F0141F2813C300E04400 /* Info.plist */ = {isa = PBXFileReference; lastKnownFileType = text.plist.xml; path = Info.plist; sourceTree = "<group>"; };
		0E02F1561F29496300E04400 /* account_bgd.png */ = {isa = PBXFileReference; lastKnownFileType = image.png; path = account_bgd.png; sourceTree = SOURCE_ROOT; };
		0E02F1571F29496300E04400 /* ai.png */ = {isa = PBXFileReference; lastKnownFileType = image.png; path = ai.png; sourceTree = SOURCE_ROOT; };
		0E02F1581F29496300E04400 /* back.png */ = {isa = PBXFileReference; lastKnownFileType = image.png; path = back.png; sourceTree = SOURCE_ROOT; };
		0E02F1591F29496300E04400 /* barn.png */ = {isa = PBXFileReference; lastKnownFileType = image.png; path = barn.png; sourceTree = SOURCE_ROOT; };
		0E02F15B1F29496300E04400 /* bookstore.png */ = {isa = PBXFileReference; lastKnownFileType = image.png; path = bookstore.png; sourceTree = SOURCE_ROOT; };
		0E02F15C1F29496300E04400 /* border.png */ = {isa = PBXFileReference; lastKnownFileType = image.png; path = border.png; sourceTree = SOURCE_ROOT; };
		0E02F15D1F29496300E04400 /* bytes.png */ = {isa = PBXFileReference; lastKnownFileType = image.png; path = bytes.png; sourceTree = SOURCE_ROOT; };
		0E02F1601F29496300E04400 /* contact.png */ = {isa = PBXFileReference; lastKnownFileType = image.png; path = contact.png; sourceTree = SOURCE_ROOT; };
		0E02F1621F29496300E04400 /* fiamma.jpg */ = {isa = PBXFileReference; lastKnownFileType = image.jpeg; path = fiamma.jpg; sourceTree = SOURCE_ROOT; };
		0E02F1631F29496300E04400 /* garden.png */ = {isa = PBXFileReference; lastKnownFileType = image.png; path = garden.png; sourceTree = SOURCE_ROOT; };
		0E02F1681F29496300E04400 /* gmstarbucks.png */ = {isa = PBXFileReference; lastKnownFileType = image.png; path = gmstarbucks.png; sourceTree = SOURCE_ROOT; };
		0E02F16A1F29496300E04400 /* gym.png */ = {isa = PBXFileReference; lastKnownFileType = image.png; path = gym.png; sourceTree = SOURCE_ROOT; };
		0E02F16D1F29496300E04400 /* highlanderwelcome.png */ = {isa = PBXFileReference; lastKnownFileType = image.png; path = highlanderwelcome.png; sourceTree = SOURCE_ROOT; };
		0E02F16F1F29496300E04400 /* ic_launcher.png */ = {isa = PBXFileReference; lastKnownFileType = image.png; path = ic_launcher.png; sourceTree = SOURCE_ROOT; };
		0E02F1701F29496300E04400 /* icon_books.png */ = {isa = PBXFileReference; lastKnownFileType = image.png; path = icon_books.png; sourceTree = SOURCE_ROOT; };
		0E02F1711F29496300E04400 /* icon_food.png */ = {isa = PBXFileReference; lastKnownFileType = image.png; path = icon_food.png; sourceTree = SOURCE_ROOT; };
		0E02F1721F29496300E04400 /* icon_friend.png */ = {isa = PBXFileReference; lastKnownFileType = image.png; path = icon_friend.png; sourceTree = SOURCE_ROOT; };
		0E02F1731F29496300E04400 /* icon_ilearn.png */ = {isa = PBXFileReference; lastKnownFileType = image.png; path = icon_ilearn.png; sourceTree = SOURCE_ROOT; };
		0E02F1741F29496300E04400 /* icon_map.png */ = {isa = PBXFileReference; lastKnownFileType = image.png; path = icon_map.png; sourceTree = SOURCE_ROOT; };
		0E02F1751F29496300E04400 /* icon_professor.png */ = {isa = PBXFileReference; lastKnownFileType = image.png; path = icon_professor.png; sourceTree = SOURCE_ROOT; };
		0E02F1761F29496300E04400 /* icon_room.png */ = {isa = PBXFileReference; lastKnownFileType = image.png; path = icon_room.png; sourceTree = SOURCE_ROOT; };
		0E02F1771F29496300E04400 /* icon_safety.png */ = {isa = PBXFileReference; lastKnownFileType = image.png; path = icon_safety.png; sourceTree = SOURCE_ROOT; };
		0E02F1781F29496300E04400 /* icon_schedule.png */ = {isa = PBXFileReference; lastKnownFileType = image.png; path = icon_schedule.png; sourceTree = SOURCE_ROOT; };
		0E02F1791F29496300E04400 /* icon_settings.png */ = {isa = PBXFileReference; lastKnownFileType = image.png; path = icon_settings.png; sourceTree = SOURCE_ROOT; };
		0E02F17A1F29496300E04400 /* icon_time.png */ = {isa = PBXFileReference; lastKnownFileType = image.png; path = icon_time.png; sourceTree = SOURCE_ROOT; };
		0E02F17B1F29496300E04400 /* icon_truck.png */ = {isa = PBXFileReference; lastKnownFileType = image.png; path = icon_truck.png; sourceTree = SOURCE_ROOT; };
		0E02F17D1F29496300E04400 /* library.png */ = {isa = PBXFileReference; lastKnownFileType = image.png; path = library.png; sourceTree = SOURCE_ROOT; };
		0E02F17E1F29496300E04400 /* lock_img.png */ = {isa = PBXFileReference; lastKnownFileType = image.png; path = lock_img.png; sourceTree = SOURCE_ROOT; };
		0E02F17F1F29496300E04400 /* login_back.png */ = {isa = PBXFileReference; lastKnownFileType = image.png; path = login_back.png; sourceTree = SOURCE_ROOT; };
		0E02F1801F29496300E04400 /* logout.png */ = {isa = PBXFileReference; lastKnownFileType = image.png; path = logout.png; sourceTree = SOURCE_ROOT; };
		0E02F1811F29496300E04400 /* lothian.png */ = {isa = PBXFileReference; lastKnownFileType = image.png; path = lothian.png; sourceTree = SOURCE_ROOT; };
		0E02F1821F29496300E04400 /* moomoo.png */ = {isa = PBXFileReference; lastKnownFileType = image.png; path = moomoo.png; sourceTree = SOURCE_ROOT; };
		0E02F1831F29496300E04400 /* oldsplash.png */ = {isa = PBXFileReference; lastKnownFileType = image.png; path = oldsplash.png; sourceTree = SOURCE_ROOT; };
		0E02F1841F29496300E04400 /* panda.png */ = {isa = PBXFileReference; lastKnownFileType = image.png; path = panda.png; sourceTree = SOURCE_ROOT; };
		0E02F1861F29496300E04400 /* scottys.png */ = {isa = PBXFileReference; lastKnownFileType = image.png; path = scottys.png; sourceTree = SOURCE_ROOT; };
		0E02F1871F29496300E04400 /* service.png */ = {isa = PBXFileReference; lastKnownFileType = image.png; path = service.png; sourceTree = SOURCE_ROOT; };
		0E02F1881F29496300E04400 /* spinelli.png */ = {isa = PBXFileReference; lastKnownFileType = image.png; path = spinelli.png; sourceTree = SOURCE_ROOT; };
		0E02F1891F29496300E04400 /* splash.png */ = {isa = PBXFileReference; lastKnownFileType = image.png; path = splash.png; sourceTree = SOURCE_ROOT; };
		0E02F18A1F29496300E04400 /* subway.png */ = {isa = PBXFileReference; lastKnownFileType = image.png; path = subway.png; sourceTree = SOURCE_ROOT; };
		0E02F1C01F2A6DA800E04400 /* iLearnViewController.swift */ = {isa = PBXFileReference; fileEncoding = 4; lastKnownFileType = sourcecode.swift; name = iLearnViewController.swift; path = ../iLearnViewController.swift; sourceTree = "<group>"; };
		0E02F1C21F2A73CF00E04400 /* RateMyProfessorViewController.swift */ = {isa = PBXFileReference; fileEncoding = 4; lastKnownFileType = sourcecode.swift; path = RateMyProfessorViewController.swift; sourceTree = "<group>"; };
		0E02F1C41F2D953B00E04400 /* StudyViewController.swift */ = {isa = PBXFileReference; fileEncoding = 4; lastKnownFileType = sourcecode.swift; path = StudyViewController.swift; sourceTree = "<group>"; };
		0E02F1C61F2EC13800E04400 /* MapViewController.swift */ = {isa = PBXFileReference; fileEncoding = 4; lastKnownFileType = sourcecode.swift; name = MapViewController.swift; path = ../MapViewController.swift; sourceTree = "<group>"; };
		0E02F1C81F32610000E04400 /* SafetyViewController.swift */ = {isa = PBXFileReference; fileEncoding = 4; lastKnownFileType = sourcecode.swift; name = SafetyViewController.swift; path = ../SafetyViewController.swift; sourceTree = "<group>"; };
		0E0A5D0A1F96712F0001F5E6 /* Podfile */ = {isa = PBXFileReference; lastKnownFileType = text; path = Podfile; sourceTree = "<group>"; };
		0E2658A01F840B0A00F5C1F0 /* comingsoon.jpg */ = {isa = PBXFileReference; lastKnownFileType = image.jpeg; path = comingsoon.jpg; sourceTree = "<group>"; };
		0E2658A31F86A12600F5C1F0 /* MenuViewController.swift */ = {isa = PBXFileReference; lastKnownFileType = sourcecode.swift; name = MenuViewController.swift; path = ../MenuViewController.swift; sourceTree = "<group>"; };
		0E2658A51F87254800F5C1F0 /* aiscot.html */ = {isa = PBXFileReference; lastKnownFileType = text.html; path = aiscot.html; sourceTree = SOURCE_ROOT; };
		0E2658A61F87254800F5C1F0 /* ai.html */ = {isa = PBXFileReference; lastKnownFileType = text.html; name = ai.html; path = "UCR Student Toolbox/ai.html"; sourceTree = SOURCE_ROOT; };
		0E2658AA1F88402D00F5C1F0 /* fiamma.html */ = {isa = PBXFileReference; lastKnownFileType = text.html; path = fiamma.html; sourceTree = SOURCE_ROOT; };
		0E2658AB1F88402D00F5C1F0 /* lothianscot.html */ = {isa = PBXFileReference; lastKnownFileType = text.html; path = lothianscot.html; sourceTree = SOURCE_ROOT; };
		0E2658AC1F88402D00F5C1F0 /* medscot.html */ = {isa = PBXFileReference; lastKnownFileType = text.html; path = medscot.html; sourceTree = SOURCE_ROOT; };
		0E2658AD1F88402D00F5C1F0 /* spinelli.html */ = {isa = PBXFileReference; lastKnownFileType = text.html; path = spinelli.html; sourceTree = SOURCE_ROOT; };
		0E2658AE1F88402D00F5C1F0 /* chameleon.html */ = {isa = PBXFileReference; lastKnownFileType = text.html; path = chameleon.html; sourceTree = SOURCE_ROOT; };
		0E2658AF1F88402D00F5C1F0 /* coffeebean.html */ = {isa = PBXFileReference; lastKnownFileType = text.html; path = coffeebean.html; sourceTree = SOURCE_ROOT; };
		0E2658B01F88402D00F5C1F0 /* highlander.html */ = {isa = PBXFileReference; lastKnownFileType = text.html; path = highlander.html; sourceTree = SOURCE_ROOT; };
		0E2658B11F88402D00F5C1F0 /* grill.html */ = {isa = PBXFileReference; lastKnownFileType = text.html; path = grill.html; sourceTree = SOURCE_ROOT; };
		0E2658B21F88402D00F5C1F0 /* ivan.html */ = {isa = PBXFileReference; lastKnownFileType = text.html; path = ivan.html; sourceTree = SOURCE_ROOT; };
		0E2658B31F88402D00F5C1F0 /* subway.html */ = {isa = PBXFileReference; lastKnownFileType = text.html; path = subway.html; sourceTree = SOURCE_ROOT; };
		0E2658B41F88402D00F5C1F0 /* panda.html */ = {isa = PBXFileReference; lastKnownFileType = text.html; path = panda.html; sourceTree = SOURCE_ROOT; };
		0E2658B51F88402D00F5C1F0 /* gmsavor.html */ = {isa = PBXFileReference; lastKnownFileType = text.html; path = gmsavor.html; sourceTree = SOURCE_ROOT; };
		0E2658B61F88402D00F5C1F0 /* gmstarbucks.html */ = {isa = PBXFileReference; lastKnownFileType = text.html; path = gmstarbucks.html; sourceTree = SOURCE_ROOT; };
		0E2658B71F88402D00F5C1F0 /* gmsizzle.html */ = {isa = PBXFileReference; lastKnownFileType = text.html; path = gmsizzle.html; sourceTree = SOURCE_ROOT; };
		0E2658B81F88402D00F5C1F0 /* gmshop.html */ = {isa = PBXFileReference; lastKnownFileType = text.html; path = gmshop.html; sourceTree = SOURCE_ROOT; };
		0E2658B91F88402D00F5C1F0 /* moomoo.html */ = {isa = PBXFileReference; lastKnownFileType = text.html; path = moomoo.html; sourceTree = SOURCE_ROOT; };
		0E2658BA1F88402D00F5C1F0 /* barn.html */ = {isa = PBXFileReference; lastKnownFileType = text.html; path = barn.html; sourceTree = SOURCE_ROOT; };
		0E2658BB1F88402D00F5C1F0 /* gmscot.html */ = {isa = PBXFileReference; lastKnownFileType = text.html; path = gmscot.html; sourceTree = SOURCE_ROOT; };
		0E2658BC1F88402D00F5C1F0 /* pandasushi.html */ = {isa = PBXFileReference; lastKnownFileType = text.html; path = pandasushi.html; sourceTree = SOURCE_ROOT; };
		0E2658BD1F88402D00F5C1F0 /* hub.html */ = {isa = PBXFileReference; lastKnownFileType = text.html; path = hub.html; sourceTree = SOURCE_ROOT; };
		0E2658BE1F88402E00F5C1F0 /* bytes.html */ = {isa = PBXFileReference; lastKnownFileType = text.html; path = bytes.html; sourceTree = SOURCE_ROOT; };
		0E2658BF1F88402E00F5C1F0 /* habanero.html */ = {isa = PBXFileReference; lastKnownFileType = text.html; path = habanero.html; sourceTree = SOURCE_ROOT; };
		0E2658C01F88402E00F5C1F0 /* beartracks.html */ = {isa = PBXFileReference; lastKnownFileType = text.html; path = beartracks.html; sourceTree = SOURCE_ROOT; };
		0E2658C11F88402E00F5C1F0 /* lothian.html */ = {isa = PBXFileReference; lastKnownFileType = text.html; path = lothian.html; sourceTree = SOURCE_ROOT; };
		0E2658C21F88402E00F5C1F0 /* hubscot.html */ = {isa = PBXFileReference; lastKnownFileType = text.html; path = hubscot.html; sourceTree = SOURCE_ROOT; };
		0E3D2E061FFC2E3C00CA0FD0 /* NavigationViewController.swift */ = {isa = PBXFileReference; lastKnownFileType = sourcecode.swift; path = NavigationViewController.swift; sourceTree = "<group>"; };
		0E3D2E0E1FFC4B1E00CA0FD0 /* CollectionViewCell.swift */ = {isa = PBXFileReference; lastKnownFileType = sourcecode.swift; name = CollectionViewCell.swift; path = ../CollectionViewCell.swift; sourceTree = "<group>"; };
		0E5F4E551F9A9D91007C1A24 /* TruckLocationsViewController.swift */ = {isa = PBXFileReference; lastKnownFileType = sourcecode.swift; path = TruckLocationsViewController.swift; sourceTree = "<group>"; };
		0E5F4E571F9B3B1D007C1A24 /* HoursViewController.swift */ = {isa = PBXFileReference; lastKnownFileType = sourcecode.swift; path = HoursViewController.swift; sourceTree = "<group>"; };
		0EB8ABF51F6079A300EEF97B /* BuildingTableViewController.swift */ = {isa = PBXFileReference; lastKnownFileType = sourcecode.swift; path = BuildingTableViewController.swift; sourceTree = "<group>"; };
		0EB8ABF71F607BF700EEF97B /* TruckTableViewController.swift */ = {isa = PBXFileReference; lastKnownFileType = sourcecode.swift; path = TruckTableViewController.swift; sourceTree = "<group>"; };
		0EEB622A1FB3DCCE001F440F /* bookstore.html */ = {isa = PBXFileReference; lastKnownFileType = text.html; path = bookstore.html; sourceTree = SOURCE_ROOT; };
		0EEB622B1FB3DCCE001F440F /* rivera.html */ = {isa = PBXFileReference; lastKnownFileType = text.html; path = rivera.html; sourceTree = SOURCE_ROOT; };
		0EEB622C1FB3DCCE001F440F /* sservice.html */ = {isa = PBXFileReference; lastKnownFileType = text.html; path = sservice.html; sourceTree = SOURCE_ROOT; };
		0EEB622D1FB3DCCE001F440F /* garden.html */ = {isa = PBXFileReference; lastKnownFileType = text.html; path = garden.html; sourceTree = SOURCE_ROOT; };
		0EEB622E1FB3DCCE001F440F /* gym.html */ = {isa = PBXFileReference; lastKnownFileType = text.html; path = gym.html; sourceTree = SOURCE_ROOT; };
		0EEB622F1FB3DCCE001F440F /* orbach.html */ = {isa = PBXFileReference; lastKnownFileType = text.html; path = orbach.html; sourceTree = SOURCE_ROOT; };
		0EFFAB281F3A366800DD6163 /* DiningTableViewController.swift */ = {isa = PBXFileReference; lastKnownFileType = sourcecode.swift; path = DiningTableViewController.swift; sourceTree = "<group>"; };
		0EFFAB2D1F3AAB3100DD6163 /* beartracks.png */ = {isa = PBXFileReference; lastKnownFileType = image.png; path = beartracks.png; sourceTree = SOURCE_ROOT; };
		0EFFAB2E1F3AAB3100DD6163 /* chameleon.png */ = {isa = PBXFileReference; lastKnownFileType = image.png; path = chameleon.png; sourceTree = SOURCE_ROOT; };
		0EFFAB2F1F3AAB3100DD6163 /* coffeebean.png */ = {isa = PBXFileReference; lastKnownFileType = image.png; path = coffeebean.png; sourceTree = SOURCE_ROOT; };
		12D7CF6D2004AED3004165B6 /* CollectionViewController.swift */ = {isa = PBXFileReference; lastKnownFileType = sourcecode.swift; path = CollectionViewController.swift; sourceTree = "<group>"; };
		149ECE9D754B274FD269EE22 /* Pods-UCR Student Toolbox.release.xcconfig */ = {isa = PBXFileReference; includeInIndex = 1; lastKnownFileType = text.xcconfig; name = "Pods-UCR Student Toolbox.release.xcconfig"; path = "Pods/Target Support Files/Pods-UCR Student Toolbox/Pods-UCR Student Toolbox.release.xcconfig"; sourceTree = "<group>"; };
		A89CCC7F2D5209BDCE18A828 /* Pods-UCR Student Toolbox.debug.xcconfig */ = {isa = PBXFileReference; includeInIndex = 1; lastKnownFileType = text.xcconfig; name = "Pods-UCR Student Toolbox.debug.xcconfig"; path = "Pods/Target Support Files/Pods-UCR Student Toolbox/Pods-UCR Student Toolbox.debug.xcconfig"; sourceTree = "<group>"; };
		DE5B5249FEEB0D5B25FCD767 /* libPods-UCR Student Toolbox.a */ = {isa = PBXFileReference; explicitFileType = archive.ar; includeInIndex = 0; path = "libPods-UCR Student Toolbox.a"; sourceTree = BUILT_PRODUCTS_DIR; };
/* End PBXFileReference section */

/* Begin PBXFrameworksBuildPhase section */
		0E02EFEC1F2813C200E04400 /* Frameworks */ = {
			isa = PBXFrameworksBuildPhase;
			buildActionMask = 2147483647;
			files = (
				C7C3214A30BD82419073EDDF /* libPods-UCR Student Toolbox.a in Frameworks */,
			);
			runOnlyForDeploymentPostprocessing = 0;
		};
		0E02F0001F2813C300E04400 /* Frameworks */ = {
			isa = PBXFrameworksBuildPhase;
			buildActionMask = 2147483647;
			files = (
			);
			runOnlyForDeploymentPostprocessing = 0;
		};
		0E02F00B1F2813C300E04400 /* Frameworks */ = {
			isa = PBXFrameworksBuildPhase;
			buildActionMask = 2147483647;
			files = (
			);
			runOnlyForDeploymentPostprocessing = 0;
		};
/* End PBXFrameworksBuildPhase section */

/* Begin PBXGroup section */
		0E02EFE61F2813C200E04400 = {
			isa = PBXGroup;
			children = (
				0E0A5D0A1F96712F0001F5E6 /* Podfile */,
				0E02EFF11F2813C200E04400 /* UCR Student Toolbox */,
				0E02F0061F2813C300E04400 /* UCR Student ToolboxTests */,
				0E02F0111F2813C300E04400 /* UCR Student ToolboxUITests */,
				0E02EFF01F2813C200E04400 /* Products */,
				1CADF03E0E0F47DC926C46A0 /* Pods */,
				2CBCB9017871E3991C6FC36D /* Frameworks */,
			);
			sourceTree = "<group>";
		};
		0E02EFF01F2813C200E04400 /* Products */ = {
			isa = PBXGroup;
			children = (
				0E02EFEF1F2813C200E04400 /* UCR Student Toolbox.app */,
				0E02F0031F2813C300E04400 /* UCR Student ToolboxTests.xctest */,
				0E02F00E1F2813C300E04400 /* UCR Student ToolboxUITests.xctest */,
			);
			name = Products;
			sourceTree = "<group>";
		};
		0E02EFF11F2813C200E04400 /* UCR Student Toolbox */ = {
			isa = PBXGroup;
			children = (
				0E3D2E0E1FFC4B1E00CA0FD0 /* CollectionViewCell.swift */,
				0EB8ABF71F607BF700EEF97B /* TruckTableViewController.swift */,
				0E2658A61F87254800F5C1F0 /* ai.html */,
				0E02F1C81F32610000E04400 /* SafetyViewController.swift */,
				0E2658A31F86A12600F5C1F0 /* MenuViewController.swift */,
				0E02F1C21F2A73CF00E04400 /* RateMyProfessorViewController.swift */,
				0EFFAB281F3A366800DD6163 /* DiningTableViewController.swift */,
				0E5F4E571F9B3B1D007C1A24 /* HoursViewController.swift */,
				0E2658BA1F88402D00F5C1F0 /* barn.html */,
				0E2658C01F88402E00F5C1F0 /* beartracks.html */,
				0E2658BE1F88402E00F5C1F0 /* bytes.html */,
				0E2658AE1F88402D00F5C1F0 /* chameleon.html */,
				0E2658AF1F88402D00F5C1F0 /* coffeebean.html */,
				0E2658AA1F88402D00F5C1F0 /* fiamma.html */,
				0E2658B51F88402D00F5C1F0 /* gmsavor.html */,
				0E2658BB1F88402D00F5C1F0 /* gmscot.html */,
				0E2658B81F88402D00F5C1F0 /* gmshop.html */,
				0E2658B71F88402D00F5C1F0 /* gmsizzle.html */,
				0EEB622A1FB3DCCE001F440F /* bookstore.html */,
				0EEB622D1FB3DCCE001F440F /* garden.html */,
				0EEB622E1FB3DCCE001F440F /* gym.html */,
				0EEB622F1FB3DCCE001F440F /* orbach.html */,
				0EEB622B1FB3DCCE001F440F /* rivera.html */,
				0EEB622C1FB3DCCE001F440F /* sservice.html */,
				0E2658B61F88402D00F5C1F0 /* gmstarbucks.html */,
				0E2658B11F88402D00F5C1F0 /* grill.html */,
				0E2658BF1F88402E00F5C1F0 /* habanero.html */,
				0E2658B01F88402D00F5C1F0 /* highlander.html */,
				0E2658BD1F88402D00F5C1F0 /* hub.html */,
				0E2658C21F88402E00F5C1F0 /* hubscot.html */,
				0E2658B21F88402D00F5C1F0 /* ivan.html */,
				0E2658C11F88402E00F5C1F0 /* lothian.html */,
				0E2658AB1F88402D00F5C1F0 /* lothianscot.html */,
				0E2658AC1F88402D00F5C1F0 /* medscot.html */,
				0E2658B91F88402D00F5C1F0 /* moomoo.html */,
				0E2658B41F88402D00F5C1F0 /* panda.html */,
				0E2658BC1F88402D00F5C1F0 /* pandasushi.html */,
				0E2658AD1F88402D00F5C1F0 /* spinelli.html */,
				0E2658B31F88402D00F5C1F0 /* subway.html */,
				0E2658A51F87254800F5C1F0 /* aiscot.html */,
				0E02F1C61F2EC13800E04400 /* MapViewController.swift */,
				0EB8ABF51F6079A300EEF97B /* BuildingTableViewController.swift */,
				0E5F4E551F9A9D91007C1A24 /* TruckLocationsViewController.swift */,
				0E02F1C01F2A6DA800E04400 /* iLearnViewController.swift */,
				0E3D2E061FFC2E3C00CA0FD0 /* NavigationViewController.swift */,
				0E02F1C41F2D953B00E04400 /* StudyViewController.swift */,
				0E02F1561F29496300E04400 /* account_bgd.png */,
				0E02F1571F29496300E04400 /* ai.png */,
				0E02F1581F29496300E04400 /* back.png */,
				0E02F1591F29496300E04400 /* barn.png */,
				0E02F15B1F29496300E04400 /* bookstore.png */,
				0E2658A01F840B0A00F5C1F0 /* comingsoon.jpg */,
				0E02F15C1F29496300E04400 /* border.png */,
				0E02F15D1F29496300E04400 /* bytes.png */,
				0E02F1601F29496300E04400 /* contact.png */,
				0E02F1621F29496300E04400 /* fiamma.jpg */,
				0E02F1631F29496300E04400 /* garden.png */,
				0E02F1681F29496300E04400 /* gmstarbucks.png */,
				0EFFAB2D1F3AAB3100DD6163 /* beartracks.png */,
				0EFFAB2E1F3AAB3100DD6163 /* chameleon.png */,
				0EFFAB2F1F3AAB3100DD6163 /* coffeebean.png */,
				0E02F16A1F29496300E04400 /* gym.png */,
				0E02F16D1F29496300E04400 /* highlanderwelcome.png */,
				0E02F16F1F29496300E04400 /* ic_launcher.png */,
				0E02F1701F29496300E04400 /* icon_books.png */,
				0E02F1711F29496300E04400 /* icon_food.png */,
				0E02F1721F29496300E04400 /* icon_friend.png */,
				0E02F1731F29496300E04400 /* icon_ilearn.png */,
				0E02F1741F29496300E04400 /* icon_map.png */,
				0E02F1751F29496300E04400 /* icon_professor.png */,
				0E02F1761F29496300E04400 /* icon_room.png */,
				0E02F1771F29496300E04400 /* icon_safety.png */,
				0E02F1781F29496300E04400 /* icon_schedule.png */,
				0E02F1791F29496300E04400 /* icon_settings.png */,
				0E02F17A1F29496300E04400 /* icon_time.png */,
				0E02F17B1F29496300E04400 /* icon_truck.png */,
				0E02F17D1F29496300E04400 /* library.png */,
				0E02F17E1F29496300E04400 /* lock_img.png */,
				0E02F17F1F29496300E04400 /* login_back.png */,
				0E02F1801F29496300E04400 /* logout.png */,
				0E02F1811F29496300E04400 /* lothian.png */,
				0E02F1821F29496300E04400 /* moomoo.png */,
				0E02F1831F29496300E04400 /* oldsplash.png */,
				0E02F1841F29496300E04400 /* panda.png */,
				0E02F1861F29496300E04400 /* scottys.png */,
				0E02F1871F29496300E04400 /* service.png */,
				0E02F1881F29496300E04400 /* spinelli.png */,
				0E02F1891F29496300E04400 /* splash.png */,
				0E02F18A1F29496300E04400 /* subway.png */,
				0E02EFF21F2813C200E04400 /* AppDelegate.swift */,
				0E02EFF41F2813C200E04400 /* ViewController.swift */,
				0E02EFF61F2813C200E04400 /* Main.storyboard */,
				0E02EFF91F2813C200E04400 /* Assets.xcassets */,
				0E02EFFB1F2813C200E04400 /* LaunchScreen.storyboard */,
				0E02EFFE1F2813C200E04400 /* Info.plist */,
				12D7CF6D2004AED3004165B6 /* CollectionViewController.swift */,
			);
			path = "UCR Student Toolbox";
			sourceTree = "<group>";
		};
		0E02F0061F2813C300E04400 /* UCR Student ToolboxTests */ = {
			isa = PBXGroup;
			children = (
				0E02F0071F2813C300E04400 /* UCR_Student_ToolboxTests.swift */,
				0E02F0091F2813C300E04400 /* Info.plist */,
			);
			path = "UCR Student ToolboxTests";
			sourceTree = "<group>";
		};
		0E02F0111F2813C300E04400 /* UCR Student ToolboxUITests */ = {
			isa = PBXGroup;
			children = (
				0E02F0121F2813C300E04400 /* UCR_Student_ToolboxUITests.swift */,
				0E02F0141F2813C300E04400 /* Info.plist */,
			);
			path = "UCR Student ToolboxUITests";
			sourceTree = "<group>";
		};
		1CADF03E0E0F47DC926C46A0 /* Pods */ = {
			isa = PBXGroup;
			children = (
				A89CCC7F2D5209BDCE18A828 /* Pods-UCR Student Toolbox.debug.xcconfig */,
				149ECE9D754B274FD269EE22 /* Pods-UCR Student Toolbox.release.xcconfig */,
			);
			name = Pods;
			sourceTree = "<group>";
		};
		2CBCB9017871E3991C6FC36D /* Frameworks */ = {
			isa = PBXGroup;
			children = (
				DE5B5249FEEB0D5B25FCD767 /* libPods-UCR Student Toolbox.a */,
			);
			name = Frameworks;
			sourceTree = "<group>";
		};
/* End PBXGroup section */

/* Begin PBXNativeTarget section */
		0E02EFEE1F2813C200E04400 /* UCR Student Toolbox */ = {
			isa = PBXNativeTarget;
			buildConfigurationList = 0E02F0171F2813C300E04400 /* Build configuration list for PBXNativeTarget "UCR Student Toolbox" */;
			buildPhases = (
				9DD80A0A45365378CA61E55F /* [CP] Check Pods Manifest.lock */,
				0E02EFEB1F2813C200E04400 /* Sources */,
				0E02EFEC1F2813C200E04400 /* Frameworks */,
				0E02EFED1F2813C200E04400 /* Resources */,
				C451186230AF6105069AC0A5 /* [CP] Embed Pods Frameworks */,
				DF1A7AC93EA4BFAC309CDF94 /* [CP] Copy Pods Resources */,
			);
			buildRules = (
			);
			dependencies = (
			);
			name = "UCR Student Toolbox";
			productName = "UCR Student Toolbox";
			productReference = 0E02EFEF1F2813C200E04400 /* UCR Student Toolbox.app */;
			productType = "com.apple.product-type.application";
		};
		0E02F0021F2813C300E04400 /* UCR Student ToolboxTests */ = {
			isa = PBXNativeTarget;
			buildConfigurationList = 0E02F01A1F2813C300E04400 /* Build configuration list for PBXNativeTarget "UCR Student ToolboxTests" */;
			buildPhases = (
				0E02EFFF1F2813C300E04400 /* Sources */,
				0E02F0001F2813C300E04400 /* Frameworks */,
				0E02F0011F2813C300E04400 /* Resources */,
			);
			buildRules = (
			);
			dependencies = (
				0E02F0051F2813C300E04400 /* PBXTargetDependency */,
			);
			name = "UCR Student ToolboxTests";
			productName = "UCR Student ToolboxTests";
			productReference = 0E02F0031F2813C300E04400 /* UCR Student ToolboxTests.xctest */;
			productType = "com.apple.product-type.bundle.unit-test";
		};
		0E02F00D1F2813C300E04400 /* UCR Student ToolboxUITests */ = {
			isa = PBXNativeTarget;
			buildConfigurationList = 0E02F01D1F2813C300E04400 /* Build configuration list for PBXNativeTarget "UCR Student ToolboxUITests" */;
			buildPhases = (
				0E02F00A1F2813C300E04400 /* Sources */,
				0E02F00B1F2813C300E04400 /* Frameworks */,
				0E02F00C1F2813C300E04400 /* Resources */,
			);
			buildRules = (
			);
			dependencies = (
				0E02F0101F2813C300E04400 /* PBXTargetDependency */,
			);
			name = "UCR Student ToolboxUITests";
			productName = "UCR Student ToolboxUITests";
			productReference = 0E02F00E1F2813C300E04400 /* UCR Student ToolboxUITests.xctest */;
			productType = "com.apple.product-type.bundle.ui-testing";
		};
/* End PBXNativeTarget section */

/* Begin PBXProject section */
		0E02EFE71F2813C200E04400 /* Project object */ = {
			isa = PBXProject;
			attributes = {
				LastSwiftUpdateCheck = 0830;
				LastUpgradeCheck = 0830;
				ORGANIZATIONNAME = "Sara Hu";
				TargetAttributes = {
					0E02EFEE1F2813C200E04400 = {
						CreatedOnToolsVersion = 8.3.3;
						DevelopmentTeam = LP2B3627Y5;
						ProvisioningStyle = Automatic;
					};
					0E02F0021F2813C300E04400 = {
						CreatedOnToolsVersion = 8.3.3;
						ProvisioningStyle = Automatic;
						TestTargetID = 0E02EFEE1F2813C200E04400;
					};
					0E02F00D1F2813C300E04400 = {
						CreatedOnToolsVersion = 8.3.3;
						ProvisioningStyle = Automatic;
						TestTargetID = 0E02EFEE1F2813C200E04400;
					};
				};
			};
			buildConfigurationList = 0E02EFEA1F2813C200E04400 /* Build configuration list for PBXProject "UCR Student Toolbox" */;
			compatibilityVersion = "Xcode 3.2";
			developmentRegion = English;
			hasScannedForEncodings = 0;
			knownRegions = (
				en,
				Base,
			);
			mainGroup = 0E02EFE61F2813C200E04400;
			productRefGroup = 0E02EFF01F2813C200E04400 /* Products */;
			projectDirPath = "";
			projectRoot = "";
			targets = (
				0E02EFEE1F2813C200E04400 /* UCR Student Toolbox */,
				0E02F0021F2813C300E04400 /* UCR Student ToolboxTests */,
				0E02F00D1F2813C300E04400 /* UCR Student ToolboxUITests */,
			);
		};
/* End PBXProject section */

/* Begin PBXResourcesBuildPhase section */
		0E02EFED1F2813C200E04400 /* Resources */ = {
			isa = PBXResourcesBuildPhase;
			buildActionMask = 2147483647;
			files = (
				0E2658A81F883C4400F5C1F0 /* ai.html in Resources */,
				0E2658A91F883C8E00F5C1F0 /* aiscot.html in Resources */,
				0E2658CB1F88405A00F5C1F0 /* gmshop.html in Resources */,
				0E2658D21F88407100F5C1F0 /* hubscot.html in Resources */,
				0E02F1B61F29496300E04400 /* lothian.png in Resources */,
				0E02F1B21F29496300E04400 /* library.png in Resources */,
				0E02F1B51F29496300E04400 /* logout.png in Resources */,
				0E02F1921F29496300E04400 /* bytes.png in Resources */,
				0E2658C41F88403500F5C1F0 /* beartracks.html in Resources */,
				0E02F1A51F29496300E04400 /* icon_books.png in Resources */,
				0E02F1A71F29496300E04400 /* icon_friend.png in Resources */,
				0E02F1AA1F29496300E04400 /* icon_professor.png in Resources */,
				0E2658C51F88403700F5C1F0 /* bytes.html in Resources */,
				0E2658C81F88405000F5C1F0 /* fiamma.html in Resources */,
				0E02F18C1F29496300E04400 /* ai.png in Resources */,
				0EEB62301FB3DE6F001F440F /* bookstore.html in Resources */,
				0E02F1A91F29496300E04400 /* icon_map.png in Resources */,
				0E02F1AD1F29496300E04400 /* icon_schedule.png in Resources */,
				0E2658CA1F88405700F5C1F0 /* gmscot.html in Resources */,
				0E02F1AC1F29496300E04400 /* icon_safety.png in Resources */,
				0E2658CF1F88406700F5C1F0 /* habanero.html in Resources */,
				0E02F18E1F29496300E04400 /* barn.png in Resources */,
				0E02EFFD1F2813C200E04400 /* LaunchScreen.storyboard in Resources */,
				0E02F1971F29496300E04400 /* fiamma.jpg in Resources */,
				0E2658D01F88406A00F5C1F0 /* highlander.html in Resources */,
				0E02F18D1F29496300E04400 /* back.png in Resources */,
				0EEB62321FB3DE73001F440F /* gym.html in Resources */,
				0E02F1B81F29496300E04400 /* oldsplash.png in Resources */,
				0E02EFFA1F2813C200E04400 /* Assets.xcassets in Resources */,
				0E2658D61F8840CB00F5C1F0 /* lothianscot.html in Resources */,
				0E02F1BE1F29496300E04400 /* splash.png in Resources */,
				0E02F19D1F29496300E04400 /* gmstarbucks.png in Resources */,
				0E2658C91F88405400F5C1F0 /* gmsavor.html in Resources */,
				0E2658D91F8840DC00F5C1F0 /* pandasushi.html in Resources */,
				0E02F1A81F29496300E04400 /* icon_ilearn.png in Resources */,
				0EEB62341FB3DE77001F440F /* rivera.html in Resources */,
				0EEB62351FB3DE7A001F440F /* sservice.html in Resources */,
				0E02F1951F29496300E04400 /* contact.png in Resources */,
				0E02EFF81F2813C200E04400 /* Main.storyboard in Resources */,
				0E02F18B1F29496300E04400 /* account_bgd.png in Resources */,
				0E2658D81F8840DA00F5C1F0 /* panda.html in Resources */,
				0E2658CE1F88406300F5C1F0 /* grill.html in Resources */,
				0E02F1B31F29496300E04400 /* lock_img.png in Resources */,
				0E02F1A41F29496300E04400 /* ic_launcher.png in Resources */,
				0E0A5D0B1F96712F0001F5E6 /* Podfile in Resources */,
				0E2658DA1F8840DF00F5C1F0 /* spinelli.html in Resources */,
				0E02F1B91F29496300E04400 /* panda.png in Resources */,
				0E02F1B41F29496300E04400 /* login_back.png in Resources */,
				0E2658C71F88404C00F5C1F0 /* coffeebean.html in Resources */,
				0E02F19F1F29496300E04400 /* gym.png in Resources */,
				0E2658CC1F88405D00F5C1F0 /* gmsizzle.html in Resources */,
				0E02F1BD1F29496300E04400 /* spinelli.png in Resources */,
				0E02F1AB1F29496300E04400 /* icon_room.png in Resources */,
				0E2658D41F88407F00F5C1F0 /* lothian.html in Resources */,
				0E2658D31F88407600F5C1F0 /* ivan.html in Resources */,
				0E2658D11F88406E00F5C1F0 /* hub.html in Resources */,
				0E02F1AE1F29496300E04400 /* icon_settings.png in Resources */,
				0EEB62331FB3DE75001F440F /* orbach.html in Resources */,
				0E02F1B71F29496300E04400 /* moomoo.png in Resources */,
				0E02F1AF1F29496300E04400 /* icon_time.png in Resources */,
				0E02F1901F29496300E04400 /* bookstore.png in Resources */,
				0E2658C31F88403100F5C1F0 /* barn.html in Resources */,
				0E02F1B01F29496300E04400 /* icon_truck.png in Resources */,
				0E2658D51F8840C900F5C1F0 /* medscot.html in Resources */,
				0E02F1A61F29496300E04400 /* icon_food.png in Resources */,
				0E02F1911F29496300E04400 /* border.png in Resources */,
				0E02F1BF1F29496300E04400 /* subway.png in Resources */,
				0E02F1981F29496300E04400 /* garden.png in Resources */,
				0E02F1BB1F29496300E04400 /* scottys.png in Resources */,
				0E2658C61F88403A00F5C1F0 /* chameleon.html in Resources */,
				0E2658D71F8840D300F5C1F0 /* moomoo.html in Resources */,
				0E02F1BC1F29496300E04400 /* service.png in Resources */,
				0E02F1A21F29496300E04400 /* highlanderwelcome.png in Resources */,
				0E2658CD1F88406000F5C1F0 /* gmstarbucks.html in Resources */,
				0E2658DB1F8840E200F5C1F0 /* subway.html in Resources */,
				0EEB62311FB3DE71001F440F /* garden.html in Resources */,
			);
			runOnlyForDeploymentPostprocessing = 0;
		};
		0E02F0011F2813C300E04400 /* Resources */ = {
			isa = PBXResourcesBuildPhase;
			buildActionMask = 2147483647;
			files = (
			);
			runOnlyForDeploymentPostprocessing = 0;
		};
		0E02F00C1F2813C300E04400 /* Resources */ = {
			isa = PBXResourcesBuildPhase;
			buildActionMask = 2147483647;
			files = (
			);
			runOnlyForDeploymentPostprocessing = 0;
		};
/* End PBXResourcesBuildPhase section */

/* Begin PBXShellScriptBuildPhase section */
		9DD80A0A45365378CA61E55F /* [CP] Check Pods Manifest.lock */ = {
			isa = PBXShellScriptBuildPhase;
			buildActionMask = 2147483647;
			files = (
			);
			inputPaths = (
				"${PODS_PODFILE_DIR_PATH}/Podfile.lock",
				"${PODS_ROOT}/Manifest.lock",
			);
			name = "[CP] Check Pods Manifest.lock";
			outputPaths = (
				"$(DERIVED_FILE_DIR)/Pods-UCR Student Toolbox-checkManifestLockResult.txt",
			);
			runOnlyForDeploymentPostprocessing = 0;
			shellPath = /bin/sh;
			shellScript = "diff \"${PODS_PODFILE_DIR_PATH}/Podfile.lock\" \"${PODS_ROOT}/Manifest.lock\" > /dev/null\nif [ $? != 0 ] ; then\n    # print error to STDERR\n    echo \"error: The sandbox is not in sync with the Podfile.lock. Run 'pod install' or update your CocoaPods installation.\" >&2\n    exit 1\nfi\n# This output is used by Xcode 'outputs' to avoid re-running this script phase.\necho \"SUCCESS\" > \"${SCRIPT_OUTPUT_FILE_0}\"\n";
			showEnvVarsInLog = 0;
		};
		C451186230AF6105069AC0A5 /* [CP] Embed Pods Frameworks */ = {
			isa = PBXShellScriptBuildPhase;
			buildActionMask = 2147483647;
			files = (
			);
			inputPaths = (
			);
			name = "[CP] Embed Pods Frameworks";
			outputPaths = (
			);
			runOnlyForDeploymentPostprocessing = 0;
			shellPath = /bin/sh;
			shellScript = "\"${SRCROOT}/Pods/Target Support Files/Pods-UCR Student Toolbox/Pods-UCR Student Toolbox-frameworks.sh\"\n";
			showEnvVarsInLog = 0;
		};
		DF1A7AC93EA4BFAC309CDF94 /* [CP] Copy Pods Resources */ = {
			isa = PBXShellScriptBuildPhase;
			buildActionMask = 2147483647;
			files = (
			);
			inputPaths = (
				"${SRCROOT}/Pods/Target Support Files/Pods-UCR Student Toolbox/Pods-UCR Student Toolbox-resources.sh",
				"${PODS_ROOT}/GoogleMaps/Maps/Frameworks/GoogleMaps.framework/Resources/GoogleMaps.bundle",
				"${PODS_ROOT}/GooglePlaces/Frameworks/GooglePlaces.framework/Resources/GooglePlaces.bundle",
			);
			name = "[CP] Copy Pods Resources";
			outputPaths = (
				"${TARGET_BUILD_DIR}/${UNLOCALIZED_RESOURCES_FOLDER_PATH}",
			);
			runOnlyForDeploymentPostprocessing = 0;
			shellPath = /bin/sh;
			shellScript = "\"${SRCROOT}/Pods/Target Support Files/Pods-UCR Student Toolbox/Pods-UCR Student Toolbox-resources.sh\"\n";
			showEnvVarsInLog = 0;
		};
/* End PBXShellScriptBuildPhase section */

/* Begin PBXSourcesBuildPhase section */
		0E02EFEB1F2813C200E04400 /* Sources */ = {
			isa = PBXSourcesBuildPhase;
			buildActionMask = 2147483647;
			files = (
				0E02F1C91F32610000E04400 /* SafetyViewController.swift in Sources */,
				0E5F4E581F9B3B1D007C1A24 /* HoursViewController.swift in Sources */,
				0E5F4E561F9A9D91007C1A24 /* TruckLocationsViewController.swift in Sources */,
				0E3D2E071FFC2E3C00CA0FD0 /* NavigationViewController.swift in Sources */,
				12D7CF6E2004AED3004165B6 /* CollectionViewController.swift in Sources */,
				0EB8ABF61F6079A300EEF97B /* BuildingTableViewController.swift in Sources */,
				0E02F1C51F2D953B00E04400 /* StudyViewController.swift in Sources */,
				0EB8ABF81F607BF700EEF97B /* TruckTableViewController.swift in Sources */,
				0E2658A41F86A12600F5C1F0 /* MenuViewController.swift in Sources */,
				0EFFAB291F3A366800DD6163 /* DiningTableViewController.swift in Sources */,
				0E02F1C71F2EC13800E04400 /* MapViewController.swift in Sources */,
				0E3D2E0F1FFC4B1E00CA0FD0 /* CollectionViewCell.swift in Sources */,
				0E02F1C11F2A6DA800E04400 /* iLearnViewController.swift in Sources */,
				0E02EFF51F2813C200E04400 /* ViewController.swift in Sources */,
				0E02F1C31F2A73CF00E04400 /* RateMyProfessorViewController.swift in Sources */,
				0E02EFF31F2813C200E04400 /* AppDelegate.swift in Sources */,
			);
			runOnlyForDeploymentPostprocessing = 0;
		};
		0E02EFFF1F2813C300E04400 /* Sources */ = {
			isa = PBXSourcesBuildPhase;
			buildActionMask = 2147483647;
			files = (
				0E3D2E101FFC4B9E00CA0FD0 /* CollectionViewCell.swift in Sources */,
				0E02F0081F2813C300E04400 /* UCR_Student_ToolboxTests.swift in Sources */,
			);
			runOnlyForDeploymentPostprocessing = 0;
		};
		0E02F00A1F2813C300E04400 /* Sources */ = {
			isa = PBXSourcesBuildPhase;
			buildActionMask = 2147483647;
			files = (
				0E3D2E111FFC4B9E00CA0FD0 /* CollectionViewCell.swift in Sources */,
				0E02F0131F2813C300E04400 /* UCR_Student_ToolboxUITests.swift in Sources */,
			);
			runOnlyForDeploymentPostprocessing = 0;
		};
/* End PBXSourcesBuildPhase section */

/* Begin PBXTargetDependency section */
		0E02F0051F2813C300E04400 /* PBXTargetDependency */ = {
			isa = PBXTargetDependency;
			target = 0E02EFEE1F2813C200E04400 /* UCR Student Toolbox */;
			targetProxy = 0E02F0041F2813C300E04400 /* PBXContainerItemProxy */;
		};
		0E02F0101F2813C300E04400 /* PBXTargetDependency */ = {
			isa = PBXTargetDependency;
			target = 0E02EFEE1F2813C200E04400 /* UCR Student Toolbox */;
			targetProxy = 0E02F00F1F2813C300E04400 /* PBXContainerItemProxy */;
		};
/* End PBXTargetDependency section */

/* Begin PBXVariantGroup section */
		0E02EFF61F2813C200E04400 /* Main.storyboard */ = {
			isa = PBXVariantGroup;
			children = (
				0E02EFF71F2813C200E04400 /* Base */,
			);
			name = Main.storyboard;
			sourceTree = "<group>";
		};
		0E02EFFB1F2813C200E04400 /* LaunchScreen.storyboard */ = {
			isa = PBXVariantGroup;
			children = (
				0E02EFFC1F2813C200E04400 /* Base */,
			);
			name = LaunchScreen.storyboard;
			sourceTree = "<group>";
		};
/* End PBXVariantGroup section */

/* Begin XCBuildConfiguration section */
		0E02F0151F2813C300E04400 /* Debug */ = {
			isa = XCBuildConfiguration;
			buildSettings = {
				ALWAYS_SEARCH_USER_PATHS = NO;
				CLANG_ANALYZER_NONNULL = YES;
				CLANG_ANALYZER_NUMBER_OBJECT_CONVERSION = YES_AGGRESSIVE;
				CLANG_CXX_LANGUAGE_STANDARD = "gnu++0x";
				CLANG_CXX_LIBRARY = "libc++";
				CLANG_ENABLE_MODULES = YES;
				CLANG_ENABLE_OBJC_ARC = YES;
				CLANG_WARN_BOOL_CONVERSION = YES;
				CLANG_WARN_CONSTANT_CONVERSION = YES;
				CLANG_WARN_DIRECT_OBJC_ISA_USAGE = YES_ERROR;
				CLANG_WARN_DOCUMENTATION_COMMENTS = YES;
				CLANG_WARN_EMPTY_BODY = YES;
				CLANG_WARN_ENUM_CONVERSION = YES;
				CLANG_WARN_INFINITE_RECURSION = YES;
				CLANG_WARN_INT_CONVERSION = YES;
				CLANG_WARN_OBJC_ROOT_CLASS = YES_ERROR;
				CLANG_WARN_SUSPICIOUS_MOVE = YES;
				CLANG_WARN_UNREACHABLE_CODE = YES;
				CLANG_WARN__DUPLICATE_METHOD_MATCH = YES;
				"CODE_SIGN_IDENTITY[sdk=iphoneos*]" = "iPhone Developer";
				COPY_PHASE_STRIP = NO;
				DEBUG_INFORMATION_FORMAT = dwarf;
				ENABLE_STRICT_OBJC_MSGSEND = YES;
				ENABLE_TESTABILITY = YES;
				GCC_C_LANGUAGE_STANDARD = gnu99;
				GCC_DYNAMIC_NO_PIC = NO;
				GCC_NO_COMMON_BLOCKS = YES;
				GCC_OPTIMIZATION_LEVEL = 0;
				GCC_PREPROCESSOR_DEFINITIONS = (
					"DEBUG=1",
					"$(inherited)",
				);
				GCC_WARN_64_TO_32_BIT_CONVERSION = YES;
				GCC_WARN_ABOUT_RETURN_TYPE = YES_ERROR;
				GCC_WARN_UNDECLARED_SELECTOR = YES;
				GCC_WARN_UNINITIALIZED_AUTOS = YES_AGGRESSIVE;
				GCC_WARN_UNUSED_FUNCTION = YES;
				GCC_WARN_UNUSED_VARIABLE = YES;
				IPHONEOS_DEPLOYMENT_TARGET = 10.3;
				MTL_ENABLE_DEBUG_INFO = YES;
				ONLY_ACTIVE_ARCH = YES;
				SDKROOT = iphoneos;
				SWIFT_ACTIVE_COMPILATION_CONDITIONS = DEBUG;
				SWIFT_OPTIMIZATION_LEVEL = "-Onone";
				TARGETED_DEVICE_FAMILY = "1,2";
			};
			name = Debug;
		};
		0E02F0161F2813C300E04400 /* Release */ = {
			isa = XCBuildConfiguration;
			buildSettings = {
				ALWAYS_SEARCH_USER_PATHS = NO;
				CLANG_ANALYZER_NONNULL = YES;
				CLANG_ANALYZER_NUMBER_OBJECT_CONVERSION = YES_AGGRESSIVE;
				CLANG_CXX_LANGUAGE_STANDARD = "gnu++0x";
				CLANG_CXX_LIBRARY = "libc++";
				CLANG_ENABLE_MODULES = YES;
				CLANG_ENABLE_OBJC_ARC = YES;
				CLANG_WARN_BOOL_CONVERSION = YES;
				CLANG_WARN_CONSTANT_CONVERSION = YES;
				CLANG_WARN_DIRECT_OBJC_ISA_USAGE = YES_ERROR;
				CLANG_WARN_DOCUMENTATION_COMMENTS = YES;
				CLANG_WARN_EMPTY_BODY = YES;
				CLANG_WARN_ENUM_CONVERSION = YES;
				CLANG_WARN_INFINITE_RECURSION = YES;
				CLANG_WARN_INT_CONVERSION = YES;
				CLANG_WARN_OBJC_ROOT_CLASS = YES_ERROR;
				CLANG_WARN_SUSPICIOUS_MOVE = YES;
				CLANG_WARN_UNREACHABLE_CODE = YES;
				CLANG_WARN__DUPLICATE_METHOD_MATCH = YES;
				"CODE_SIGN_IDENTITY[sdk=iphoneos*]" = "iPhone Developer";
				COPY_PHASE_STRIP = NO;
				DEBUG_INFORMATION_FORMAT = "dwarf-with-dsym";
				ENABLE_NS_ASSERTIONS = NO;
				ENABLE_STRICT_OBJC_MSGSEND = YES;
				GCC_C_LANGUAGE_STANDARD = gnu99;
				GCC_NO_COMMON_BLOCKS = YES;
				GCC_WARN_64_TO_32_BIT_CONVERSION = YES;
				GCC_WARN_ABOUT_RETURN_TYPE = YES_ERROR;
				GCC_WARN_UNDECLARED_SELECTOR = YES;
				GCC_WARN_UNINITIALIZED_AUTOS = YES_AGGRESSIVE;
				GCC_WARN_UNUSED_FUNCTION = YES;
				GCC_WARN_UNUSED_VARIABLE = YES;
				IPHONEOS_DEPLOYMENT_TARGET = 10.3;
				MTL_ENABLE_DEBUG_INFO = NO;
				SDKROOT = iphoneos;
				SWIFT_OPTIMIZATION_LEVEL = "-Owholemodule";
				TARGETED_DEVICE_FAMILY = "1,2";
				VALIDATE_PRODUCT = YES;
			};
			name = Release;
		};
		0E02F0181F2813C300E04400 /* Debug */ = {
			isa = XCBuildConfiguration;
			baseConfigurationReference = A89CCC7F2D5209BDCE18A828 /* Pods-UCR Student Toolbox.debug.xcconfig */;
			buildSettings = {
				ASSETCATALOG_COMPILER_APPICON_NAME = AppIcon;
				DEVELOPMENT_TEAM = LP2B3627Y5;
				FRAMEWORK_SEARCH_PATHS = "$(inherited)";
				INFOPLIST_FILE = "UCR Student Toolbox/Info.plist";
				LD_RUNPATH_SEARCH_PATHS = "$(inherited) @executable_path/Frameworks";
				MACH_O_TYPE = mh_execute;
				PRODUCT_BUNDLE_IDENTIFIER = "UCR-Student-Toolbox";
				PRODUCT_NAME = "$(TARGET_NAME)";
				SWIFT_VERSION = 3.0;
				TARGETED_DEVICE_FAMILY = 1;
			};
			name = Debug;
		};
		0E02F0191F2813C300E04400 /* Release */ = {
			isa = XCBuildConfiguration;
			baseConfigurationReference = 149ECE9D754B274FD269EE22 /* Pods-UCR Student Toolbox.release.xcconfig */;
			buildSettings = {
				ASSETCATALOG_COMPILER_APPICON_NAME = AppIcon;
				DEVELOPMENT_TEAM = LP2B3627Y5;
				FRAMEWORK_SEARCH_PATHS = "$(inherited)";
				INFOPLIST_FILE = "UCR Student Toolbox/Info.plist";
				LD_RUNPATH_SEARCH_PATHS = "$(inherited) @executable_path/Frameworks";
				MACH_O_TYPE = mh_execute;
				PRODUCT_BUNDLE_IDENTIFIER = "UCR-Student-Toolbox";
				PRODUCT_NAME = "$(TARGET_NAME)";
				SWIFT_VERSION = 3.0;
				TARGETED_DEVICE_FAMILY = 1;
			};
			name = Release;
		};
		0E02F01B1F2813C300E04400 /* Debug */ = {
			isa = XCBuildConfiguration;
			buildSettings = {
				ALWAYS_EMBED_SWIFT_STANDARD_LIBRARIES = YES;
				BUNDLE_LOADER = "$(TEST_HOST)";
				INFOPLIST_FILE = "UCR Student ToolboxTests/Info.plist";
				LD_RUNPATH_SEARCH_PATHS = "$(inherited) @executable_path/Frameworks @loader_path/Frameworks";
				PRODUCT_BUNDLE_IDENTIFIER = "Sara.UCR-Student-ToolboxTests";
				PRODUCT_NAME = "$(TARGET_NAME)";
				SWIFT_VERSION = 3.0;
				TEST_HOST = "$(BUILT_PRODUCTS_DIR)/UCR Student Toolbox.app/UCR Student Toolbox";
			};
			name = Debug;
		};
		0E02F01C1F2813C300E04400 /* Release */ = {
			isa = XCBuildConfiguration;
			buildSettings = {
				ALWAYS_EMBED_SWIFT_STANDARD_LIBRARIES = YES;
				BUNDLE_LOADER = "$(TEST_HOST)";
				INFOPLIST_FILE = "UCR Student ToolboxTests/Info.plist";
				LD_RUNPATH_SEARCH_PATHS = "$(inherited) @executable_path/Frameworks @loader_path/Frameworks";
				PRODUCT_BUNDLE_IDENTIFIER = "Sara.UCR-Student-ToolboxTests";
				PRODUCT_NAME = "$(TARGET_NAME)";
				SWIFT_VERSION = 3.0;
				TEST_HOST = "$(BUILT_PRODUCTS_DIR)/UCR Student Toolbox.app/UCR Student Toolbox";
			};
			name = Release;
		};
		0E02F01E1F2813C300E04400 /* Debug */ = {
			isa = XCBuildConfiguration;
			buildSettings = {
				ALWAYS_EMBED_SWIFT_STANDARD_LIBRARIES = YES;
				INFOPLIST_FILE = "UCR Student ToolboxUITests/Info.plist";
				LD_RUNPATH_SEARCH_PATHS = "$(inherited) @executable_path/Frameworks @loader_path/Frameworks";
				PRODUCT_BUNDLE_IDENTIFIER = "Sara.UCR-Student-ToolboxUITests";
				PRODUCT_NAME = "$(TARGET_NAME)";
				SWIFT_VERSION = 3.0;
				TEST_TARGET_NAME = "UCR Student Toolbox";
			};
			name = Debug;
		};
		0E02F01F1F2813C300E04400 /* Release */ = {
			isa = XCBuildConfiguration;
			buildSettings = {
				ALWAYS_EMBED_SWIFT_STANDARD_LIBRARIES = YES;
				INFOPLIST_FILE = "UCR Student ToolboxUITests/Info.plist";
				LD_RUNPATH_SEARCH_PATHS = "$(inherited) @executable_path/Frameworks @loader_path/Frameworks";
				PRODUCT_BUNDLE_IDENTIFIER = "Sara.UCR-Student-ToolboxUITests";
				PRODUCT_NAME = "$(TARGET_NAME)";
				SWIFT_VERSION = 3.0;
				TEST_TARGET_NAME = "UCR Student Toolbox";
			};
			name = Release;
		};
/* End XCBuildConfiguration section */

/* Begin XCConfigurationList section */
		0E02EFEA1F2813C200E04400 /* Build configuration list for PBXProject "UCR Student Toolbox" */ = {
			isa = XCConfigurationList;
			buildConfigurations = (
				0E02F0151F2813C300E04400 /* Debug */,
				0E02F0161F2813C300E04400 /* Release */,
			);
			defaultConfigurationIsVisible = 0;
			defaultConfigurationName = Release;
		};
		0E02F0171F2813C300E04400 /* Build configuration list for PBXNativeTarget "UCR Student Toolbox" */ = {
			isa = XCConfigurationList;
			buildConfigurations = (
				0E02F0181F2813C300E04400 /* Debug */,
				0E02F0191F2813C300E04400 /* Release */,
			);
			defaultConfigurationIsVisible = 0;
			defaultConfigurationName = Release;
		};
		0E02F01A1F2813C300E04400 /* Build configuration list for PBXNativeTarget "UCR Student ToolboxTests" */ = {
			isa = XCConfigurationList;
			buildConfigurations = (
				0E02F01B1F2813C300E04400 /* Debug */,
				0E02F01C1F2813C300E04400 /* Release */,
			);
			defaultConfigurationIsVisible = 0;
			defaultConfigurationName = Release;
		};
		0E02F01D1F2813C300E04400 /* Build configuration list for PBXNativeTarget "UCR Student ToolboxUITests" */ = {
			isa = XCConfigurationList;
			buildConfigurations = (
				0E02F01E1F2813C300E04400 /* Debug */,
				0E02F01F1F2813C300E04400 /* Release */,
			);
			defaultConfigurationIsVisible = 0;
			defaultConfigurationName = Release;
		};
/* End XCConfigurationList section */
	};
	rootObject = 0E02EFE71F2813C200E04400 /* Project object */;
}
